// !$*UTF8*$!
{
	archiveVersion = 1;
	classes = {
	};
	objectVersion = 51;
	objects = {

/* Begin PBXBuildFile section */
		231EA807252DE9C7004FB678 /* QuizView.swift in Sources */ = {isa = PBXBuildFile; fileRef = 231EA806252DE9C7004FB678 /* QuizView.swift */; };
		231EA809252DEA18004FB678 /* QuizController.swift in Sources */ = {isa = PBXBuildFile; fileRef = 231EA808252DEA18004FB678 /* QuizController.swift */; };
		235D23B42532DA680007F81E /* QuizViewTypeD.swift in Sources */ = {isa = PBXBuildFile; fileRef = 235D23B32532DA680007F81E /* QuizViewTypeD.swift */; };
		235D23B62532DEAB0007F81E /* QuizViewTypeE.swift in Sources */ = {isa = PBXBuildFile; fileRef = 235D23B52532DEAB0007F81E /* QuizViewTypeE.swift */; };
		2372F70F2530420000E79198 /* QuizModel.swift in Sources */ = {isa = PBXBuildFile; fileRef = 2372F70E2530420000E79198 /* QuizModel.swift */; };
		23A900DB253C2BFE008636B1 /* Sunda Suara Ya.mp3 in Resources */ = {isa = PBXBuildFile; fileRef = 23A900A9253C2BFD008636B1 /* Sunda Suara Ya.mp3 */; };
		23A900DC253C2BFE008636B1 /* Sunda Suara La.mp3 in Resources */ = {isa = PBXBuildFile; fileRef = 23A900AA253C2BFD008636B1 /* Sunda Suara La.mp3 */; };
		23A900DD253C2BFE008636B1 /* Sunda Suara Ta.mp3 in Resources */ = {isa = PBXBuildFile; fileRef = 23A900AB253C2BFD008636B1 /* Sunda Suara Ta.mp3 */; };
		23A900DE253C2BFE008636B1 /* Sunda Suara Nya.mp3 in Resources */ = {isa = PBXBuildFile; fileRef = 23A900AC253C2BFD008636B1 /* Sunda Suara Nya.mp3 */; };
		23A900DF253C2BFE008636B1 /* Sunda Suara Ma.mp3 in Resources */ = {isa = PBXBuildFile; fileRef = 23A900AD253C2BFD008636B1 /* Sunda Suara Ma.mp3 */; };
		23A900E0253C2BFE008636B1 /* Sunda Suara Xa.mp3 in Resources */ = {isa = PBXBuildFile; fileRef = 23A900AE253C2BFD008636B1 /* Sunda Suara Xa.mp3 */; };
		23A900E1253C2BFE008636B1 /* Sunda Suara Sa.mp3 in Resources */ = {isa = PBXBuildFile; fileRef = 23A900AF253C2BFD008636B1 /* Sunda Suara Sa.mp3 */; };
		23A900E2253C2BFE008636B1 /* Sunda Suara Nga.mp3 in Resources */ = {isa = PBXBuildFile; fileRef = 23A900B0253C2BFD008636B1 /* Sunda Suara Nga.mp3 */; };
		23A900E3253C2BFE008636B1 /* Sunda Suara Fa.mp3 in Resources */ = {isa = PBXBuildFile; fileRef = 23A900B1253C2BFD008636B1 /* Sunda Suara Fa.mp3 */; };
		23A900E4253C2BFE008636B1 /* Sunda Suara Ja.mp3 in Resources */ = {isa = PBXBuildFile; fileRef = 23A900B2253C2BFD008636B1 /* Sunda Suara Ja.mp3 */; };
		23A900E5253C2BFE008636B1 /* Sunda Suara O.mp3 in Resources */ = {isa = PBXBuildFile; fileRef = 23A900B3253C2BFD008636B1 /* Sunda Suara O.mp3 */; };
		23A900E6253C2BFE008636B1 /* Sunda Suara Ka.mp3 in Resources */ = {isa = PBXBuildFile; fileRef = 23A900B4253C2BFD008636B1 /* Sunda Suara Ka.mp3 */; };
		23A900E7253C2BFE008636B1 /* Sunda Suara É.mp3 in Resources */ = {isa = PBXBuildFile; fileRef = 23A900B5253C2BFD008636B1 /* Sunda Suara É.mp3 */; };
		23A900E8253C2BFE008636B1 /* Sunda Suara Ga.mp3 in Resources */ = {isa = PBXBuildFile; fileRef = 23A900B6253C2BFD008636B1 /* Sunda Suara Ga.mp3 */; };
		23A900E9253C2BFE008636B1 /* Sunda Suara Ra.mp3 in Resources */ = {isa = PBXBuildFile; fileRef = 23A900B7253C2BFD008636B1 /* Sunda Suara Ra.mp3 */; };
		23A900EA253C2BFE008636B1 /* Sunda Suara I.mp3 in Resources */ = {isa = PBXBuildFile; fileRef = 23A900B8253C2BFD008636B1 /* Sunda Suara I.mp3 */; };
		23A900EB253C2BFE008636B1 /* Sunda Suara Da.mp3 in Resources */ = {isa = PBXBuildFile; fileRef = 23A900B9253C2BFD008636B1 /* Sunda Suara Da.mp3 */; };
		23A900EC253C2BFE008636B1 /* Sunda Suara Qa.mp3 in Resources */ = {isa = PBXBuildFile; fileRef = 23A900BA253C2BFD008636B1 /* Sunda Suara Qa.mp3 */; };
		23A900ED253C2BFE008636B1 /* Sunda Suara E.mp3 in Resources */ = {isa = PBXBuildFile; fileRef = 23A900BB253C2BFD008636B1 /* Sunda Suara E.mp3 */; };
		23A900EE253C2BFE008636B1 /* Sunda Suara Ha.mp3 in Resources */ = {isa = PBXBuildFile; fileRef = 23A900BC253C2BFD008636B1 /* Sunda Suara Ha.mp3 */; };
		23A900EF253C2BFE008636B1 /* Sunda Suara U.mp3 in Resources */ = {isa = PBXBuildFile; fileRef = 23A900BD253C2BFD008636B1 /* Sunda Suara U.mp3 */; };
		23A900F0253C2BFE008636B1 /* Sunda Suara A.mp3 in Resources */ = {isa = PBXBuildFile; fileRef = 23A900BE253C2BFD008636B1 /* Sunda Suara A.mp3 */; };
		23A900F1253C2BFE008636B1 /* Sunda Suara Pa.mp3 in Resources */ = {isa = PBXBuildFile; fileRef = 23A900BF253C2BFD008636B1 /* Sunda Suara Pa.mp3 */; };
		23A900F2253C2BFE008636B1 /* Sunda Suara Na.mp3 in Resources */ = {isa = PBXBuildFile; fileRef = 23A900C0253C2BFD008636B1 /* Sunda Suara Na.mp3 */; };
		23A900F3253C2BFE008636B1 /* Sunda Suara Ba.mp3 in Resources */ = {isa = PBXBuildFile; fileRef = 23A900C1253C2BFD008636B1 /* Sunda Suara Ba.mp3 */; };
		23A900F4253C2BFE008636B1 /* Sunda Suara Wa.mp3 in Resources */ = {isa = PBXBuildFile; fileRef = 23A900C2253C2BFD008636B1 /* Sunda Suara Wa.mp3 */; };
		23A900F5253C2BFE008636B1 /* Sunda Suara Va.mp3 in Resources */ = {isa = PBXBuildFile; fileRef = 23A900C3253C2BFD008636B1 /* Sunda Suara Va.mp3 */; };
		23A900F6253C2BFE008636B1 /* Sunda Suara Ca.mp3 in Resources */ = {isa = PBXBuildFile; fileRef = 23A900C4253C2BFD008636B1 /* Sunda Suara Ca.mp3 */; };
		23A900F7253C2BFE008636B1 /* Sunda Suara Za.mp3 in Resources */ = {isa = PBXBuildFile; fileRef = 23A900C5253C2BFD008636B1 /* Sunda Suara Za.mp3 */; };
		23F2828A2531984D009EC52B /* QuizViewTypeA.swift in Sources */ = {isa = PBXBuildFile; fileRef = 23F282892531984D009EC52B /* QuizViewTypeA.swift */; };
		23F2828C2531BC89009EC52B /* QuizViewTypeB.swift in Sources */ = {isa = PBXBuildFile; fileRef = 23F2828B2531BC89009EC52B /* QuizViewTypeB.swift */; };
		23F2828E2531D273009EC52B /* QuizViewTypeC.swift in Sources */ = {isa = PBXBuildFile; fileRef = 23F2828D2531D273009EC52B /* QuizViewTypeC.swift */; };
		914344E3252DBAD0002E867B /* Theme.swift in Sources */ = {isa = PBXBuildFile; fileRef = 914344E2252DBAD0002E867B /* Theme.swift */; };
		914344E6252DBADE002E867B /* ThemeProtocol.swift in Sources */ = {isa = PBXBuildFile; fileRef = 914344E5252DBADE002E867B /* ThemeProtocol.swift */; };
		914344E9252DBAFC002E867B /* LightTheme.swift in Sources */ = {isa = PBXBuildFile; fileRef = 914344E8252DBAFC002E867B /* LightTheme.swift */; };
		914344F0252DBFB9002E867B /* Extension.swift in Sources */ = {isa = PBXBuildFile; fileRef = 914344EF252DBFB9002E867B /* Extension.swift */; };
		914344F6252DC366002E867B /* RegionController.swift in Sources */ = {isa = PBXBuildFile; fileRef = 914344F5252DC366002E867B /* RegionController.swift */; };
		914344FF252DC436002E867B /* RegionView.swift in Sources */ = {isa = PBXBuildFile; fileRef = 914344FE252DC436002E867B /* RegionView.swift */; };
		9193764225317E3100C3FC10 /* StartView.swift in Sources */ = {isa = PBXBuildFile; fileRef = 9193764125317E3100C3FC10 /* StartView.swift */; };
		9193764625317E3B00C3FC10 /* StartController.swift in Sources */ = {isa = PBXBuildFile; fileRef = 9193764525317E3B00C3FC10 /* StartController.swift */; };
		91C98768252EFE7900D67BC0 /* StageView.swift in Sources */ = {isa = PBXBuildFile; fileRef = 91C98767252EFE7900D67BC0 /* StageView.swift */; };
		91C9876D252EFE8D00D67BC0 /* StageController.swift in Sources */ = {isa = PBXBuildFile; fileRef = 91C9876C252EFE8D00D67BC0 /* StageController.swift */; };
		91C98775252F268400D67BC0 /* LevelController.swift in Sources */ = {isa = PBXBuildFile; fileRef = 91C98774252F268400D67BC0 /* LevelController.swift */; };
		91C98779252F269000D67BC0 /* LevelView.swift in Sources */ = {isa = PBXBuildFile; fileRef = 91C98778252F269000D67BC0 /* LevelView.swift */; };
		A41A77E8252D9586001C4FAD /* AppDelegate.swift in Sources */ = {isa = PBXBuildFile; fileRef = A41A77E7252D9586001C4FAD /* AppDelegate.swift */; };
		A41A77EA252D9586001C4FAD /* SceneDelegate.swift in Sources */ = {isa = PBXBuildFile; fileRef = A41A77E9252D9586001C4FAD /* SceneDelegate.swift */; };
		A41A77EC252D9586001C4FAD /* MainViewController.swift in Sources */ = {isa = PBXBuildFile; fileRef = A41A77EB252D9586001C4FAD /* MainViewController.swift */; };
		A41A77F2252D9586001C4FAD /* aksaraMC4.xcdatamodeld in Sources */ = {isa = PBXBuildFile; fileRef = A41A77F0252D9586001C4FAD /* aksaraMC4.xcdatamodeld */; };
		A41A77F4252D9588001C4FAD /* Assets.xcassets in Resources */ = {isa = PBXBuildFile; fileRef = A41A77F3252D9588001C4FAD /* Assets.xcassets */; };
		A41A77F7252D9588001C4FAD /* LaunchScreen.storyboard in Resources */ = {isa = PBXBuildFile; fileRef = A41A77F5252D9588001C4FAD /* LaunchScreen.storyboard */; };
		A41A780B252D9A43001C4FAD /* Now-Regular.otf in Resources */ = {isa = PBXBuildFile; fileRef = A41A77FF252D9A42001C4FAD /* Now-Regular.otf */; };
		A41A780C252D9A43001C4FAD /* Now-Light.otf in Resources */ = {isa = PBXBuildFile; fileRef = A41A7800252D9A42001C4FAD /* Now-Light.otf */; };
		A41A780D252D9A43001C4FAD /* Now-Medium.otf in Resources */ = {isa = PBXBuildFile; fileRef = A41A7801252D9A42001C4FAD /* Now-Medium.otf */; };
		A41A780E252D9A43001C4FAD /* Now-Bold.otf in Resources */ = {isa = PBXBuildFile; fileRef = A41A7802252D9A42001C4FAD /* Now-Bold.otf */; };
		A41A780F252D9A43001C4FAD /* Now-Thin.otf in Resources */ = {isa = PBXBuildFile; fileRef = A41A7803252D9A42001C4FAD /* Now-Thin.otf */; };
		A41A7810252D9A43001C4FAD /* NowAlt-Black.otf in Resources */ = {isa = PBXBuildFile; fileRef = A41A7804252D9A43001C4FAD /* NowAlt-Black.otf */; };
		A41A7811252D9A43001C4FAD /* NowAlt-Light.otf in Resources */ = {isa = PBXBuildFile; fileRef = A41A7805252D9A43001C4FAD /* NowAlt-Light.otf */; };
		A41A7812252D9A43001C4FAD /* NowAlt-Regular.otf in Resources */ = {isa = PBXBuildFile; fileRef = A41A7806252D9A43001C4FAD /* NowAlt-Regular.otf */; };
		A41A7813252D9A43001C4FAD /* Now-Black.otf in Resources */ = {isa = PBXBuildFile; fileRef = A41A7807252D9A43001C4FAD /* Now-Black.otf */; };
		A41A7814252D9A43001C4FAD /* NowAlt-Bold.otf in Resources */ = {isa = PBXBuildFile; fileRef = A41A7808252D9A43001C4FAD /* NowAlt-Bold.otf */; };
		A41A7815252D9A43001C4FAD /* NowAlt-Medium.otf in Resources */ = {isa = PBXBuildFile; fileRef = A41A7809252D9A43001C4FAD /* NowAlt-Medium.otf */; };
		A41A7816252D9A43001C4FAD /* NowAlt-Thin.otf in Resources */ = {isa = PBXBuildFile; fileRef = A41A780A252D9A43001C4FAD /* NowAlt-Thin.otf */; };
		A48A0FB6253C4AF800AB1ED5 /* Jawa Suara Ma.mp3 in Resources */ = {isa = PBXBuildFile; fileRef = A48A0FA2253C4AF800AB1ED5 /* Jawa Suara Ma.mp3 */; };
		A48A0FB7253C4AF800AB1ED5 /* Jawa Suara Tha.mp3 in Resources */ = {isa = PBXBuildFile; fileRef = A48A0FA3253C4AF800AB1ED5 /* Jawa Suara Tha.mp3 */; };
		A48A0FB8253C4AF800AB1ED5 /* Jawa Suara Ta.mp3 in Resources */ = {isa = PBXBuildFile; fileRef = A48A0FA4253C4AF800AB1ED5 /* Jawa Suara Ta.mp3 */; };
		A48A0FB9253C4AF800AB1ED5 /* Jawa Suara Ya.mp3 in Resources */ = {isa = PBXBuildFile; fileRef = A48A0FA5253C4AF800AB1ED5 /* Jawa Suara Ya.mp3 */; };
		A48A0FBA253C4AF800AB1ED5 /* Jawa Suara La.mp3 in Resources */ = {isa = PBXBuildFile; fileRef = A48A0FA6253C4AF800AB1ED5 /* Jawa Suara La.mp3 */; };
		A48A0FBB253C4AF800AB1ED5 /* Jawa Suara Ga.mp3 in Resources */ = {isa = PBXBuildFile; fileRef = A48A0FA7253C4AF800AB1ED5 /* Jawa Suara Ga.mp3 */; };
		A48A0FBC253C4AF800AB1ED5 /* Jawa Suara Ra.mp3 in Resources */ = {isa = PBXBuildFile; fileRef = A48A0FA8253C4AF800AB1ED5 /* Jawa Suara Ra.mp3 */; };
		A48A0FBD253C4AF800AB1ED5 /* Jawa Suara Ka.mp3 in Resources */ = {isa = PBXBuildFile; fileRef = A48A0FA9253C4AF800AB1ED5 /* Jawa Suara Ka.mp3 */; };
		A48A0FBE253C4AF800AB1ED5 /* Jawa Suara Ja.mp3 in Resources */ = {isa = PBXBuildFile; fileRef = A48A0FAA253C4AF800AB1ED5 /* Jawa Suara Ja.mp3 */; };
		A48A0FBF253C4AF800AB1ED5 /* Jawa Suara Sa.mp3 in Resources */ = {isa = PBXBuildFile; fileRef = A48A0FAB253C4AF800AB1ED5 /* Jawa Suara Sa.mp3 */; };
		A48A0FC0253C4AF800AB1ED5 /* Jawa Suara Pa.mp3 in Resources */ = {isa = PBXBuildFile; fileRef = A48A0FAC253C4AF800AB1ED5 /* Jawa Suara Pa.mp3 */; };
		A48A0FC1253C4AF800AB1ED5 /* Jawa Suara Dha.mp3 in Resources */ = {isa = PBXBuildFile; fileRef = A48A0FAD253C4AF800AB1ED5 /* Jawa Suara Dha.mp3 */; };
		A48A0FC2253C4AF800AB1ED5 /* Jawa Suara Ha.mp3 in Resources */ = {isa = PBXBuildFile; fileRef = A48A0FAE253C4AF800AB1ED5 /* Jawa Suara Ha.mp3 */; };
		A48A0FC3253C4AF800AB1ED5 /* Jawa Suara Nga.mp3 in Resources */ = {isa = PBXBuildFile; fileRef = A48A0FAF253C4AF800AB1ED5 /* Jawa Suara Nga.mp3 */; };
		A48A0FC4253C4AF800AB1ED5 /* Jawa Suara Da.mp3 in Resources */ = {isa = PBXBuildFile; fileRef = A48A0FB0253C4AF800AB1ED5 /* Jawa Suara Da.mp3 */; };
		A48A0FC5253C4AF800AB1ED5 /* Jawa Suara Ca.mp3 in Resources */ = {isa = PBXBuildFile; fileRef = A48A0FB1253C4AF800AB1ED5 /* Jawa Suara Ca.mp3 */; };
		A48A0FC6253C4AF800AB1ED5 /* Jawa Suara Nya.mp3 in Resources */ = {isa = PBXBuildFile; fileRef = A48A0FB2253C4AF800AB1ED5 /* Jawa Suara Nya.mp3 */; };
		A48A0FC7253C4AF800AB1ED5 /* Jawa Suara Ba.mp3 in Resources */ = {isa = PBXBuildFile; fileRef = A48A0FB3253C4AF800AB1ED5 /* Jawa Suara Ba.mp3 */; };
		A48A0FC8253C4AF800AB1ED5 /* Jawa Suara Wa.mp3 in Resources */ = {isa = PBXBuildFile; fileRef = A48A0FB4253C4AF800AB1ED5 /* Jawa Suara Wa.mp3 */; };
		A48A0FC9253C4AF800AB1ED5 /* Jawa Suara Na.mp3 in Resources */ = {isa = PBXBuildFile; fileRef = A48A0FB5253C4AF800AB1ED5 /* Jawa Suara Na.mp3 */; };
		A48FBC75252DC2DB0004EC93 /* PersistenceService.swift in Sources */ = {isa = PBXBuildFile; fileRef = A48FBC74252DC2DB0004EC93 /* PersistenceService.swift */; };
		A4C715BC2539A45B00270D58 /* CoreDataRecord.swift in Sources */ = {isa = PBXBuildFile; fileRef = A4C715BB2539A45B00270D58 /* CoreDataRecord.swift */; };
		A4F19FC52535939400F5BA23 /* BaseView.swift in Sources */ = {isa = PBXBuildFile; fileRef = A4F19FC42535939400F5BA23 /* BaseView.swift */; };
		DA666F577C7465F9A53CCC8F /* Pods_aksaraMC4.framework in Frameworks */ = {isa = PBXBuildFile; fileRef = 6CC4C2B2BDF5350BA10417E0 /* Pods_aksaraMC4.framework */; };
/* End PBXBuildFile section */

/* Begin PBXFileReference section */
		231EA806252DE9C7004FB678 /* QuizView.swift */ = {isa = PBXFileReference; lastKnownFileType = sourcecode.swift; path = QuizView.swift; sourceTree = "<group>"; };
		231EA808252DEA18004FB678 /* QuizController.swift */ = {isa = PBXFileReference; lastKnownFileType = sourcecode.swift; path = QuizController.swift; sourceTree = "<group>"; };
		235D23B32532DA680007F81E /* QuizViewTypeD.swift */ = {isa = PBXFileReference; lastKnownFileType = sourcecode.swift; path = QuizViewTypeD.swift; sourceTree = "<group>"; };
		235D23B52532DEAB0007F81E /* QuizViewTypeE.swift */ = {isa = PBXFileReference; lastKnownFileType = sourcecode.swift; path = QuizViewTypeE.swift; sourceTree = "<group>"; };
		2372F70E2530420000E79198 /* QuizModel.swift */ = {isa = PBXFileReference; lastKnownFileType = sourcecode.swift; path = QuizModel.swift; sourceTree = "<group>"; };
		23A900A9253C2BFD008636B1 /* Sunda Suara Ya.mp3 */ = {isa = PBXFileReference; lastKnownFileType = audio.mp3; path = "Sunda Suara Ya.mp3"; sourceTree = "<group>"; };
		23A900AA253C2BFD008636B1 /* Sunda Suara La.mp3 */ = {isa = PBXFileReference; lastKnownFileType = audio.mp3; path = "Sunda Suara La.mp3"; sourceTree = "<group>"; };
		23A900AB253C2BFD008636B1 /* Sunda Suara Ta.mp3 */ = {isa = PBXFileReference; lastKnownFileType = audio.mp3; path = "Sunda Suara Ta.mp3"; sourceTree = "<group>"; };
		23A900AC253C2BFD008636B1 /* Sunda Suara Nya.mp3 */ = {isa = PBXFileReference; lastKnownFileType = audio.mp3; path = "Sunda Suara Nya.mp3"; sourceTree = "<group>"; };
		23A900AD253C2BFD008636B1 /* Sunda Suara Ma.mp3 */ = {isa = PBXFileReference; lastKnownFileType = audio.mp3; path = "Sunda Suara Ma.mp3"; sourceTree = "<group>"; };
		23A900AE253C2BFD008636B1 /* Sunda Suara Xa.mp3 */ = {isa = PBXFileReference; lastKnownFileType = audio.mp3; path = "Sunda Suara Xa.mp3"; sourceTree = "<group>"; };
		23A900AF253C2BFD008636B1 /* Sunda Suara Sa.mp3 */ = {isa = PBXFileReference; lastKnownFileType = audio.mp3; path = "Sunda Suara Sa.mp3"; sourceTree = "<group>"; };
		23A900B0253C2BFD008636B1 /* Sunda Suara Nga.mp3 */ = {isa = PBXFileReference; lastKnownFileType = audio.mp3; path = "Sunda Suara Nga.mp3"; sourceTree = "<group>"; };
		23A900B1253C2BFD008636B1 /* Sunda Suara Fa.mp3 */ = {isa = PBXFileReference; lastKnownFileType = audio.mp3; path = "Sunda Suara Fa.mp3"; sourceTree = "<group>"; };
		23A900B2253C2BFD008636B1 /* Sunda Suara Ja.mp3 */ = {isa = PBXFileReference; lastKnownFileType = audio.mp3; path = "Sunda Suara Ja.mp3"; sourceTree = "<group>"; };
		23A900B3253C2BFD008636B1 /* Sunda Suara O.mp3 */ = {isa = PBXFileReference; lastKnownFileType = audio.mp3; path = "Sunda Suara O.mp3"; sourceTree = "<group>"; };
		23A900B4253C2BFD008636B1 /* Sunda Suara Ka.mp3 */ = {isa = PBXFileReference; lastKnownFileType = audio.mp3; path = "Sunda Suara Ka.mp3"; sourceTree = "<group>"; };
		23A900B5253C2BFD008636B1 /* Sunda Suara É.mp3 */ = {isa = PBXFileReference; lastKnownFileType = audio.mp3; path = "Sunda Suara É.mp3"; sourceTree = "<group>"; };
		23A900B6253C2BFD008636B1 /* Sunda Suara Ga.mp3 */ = {isa = PBXFileReference; lastKnownFileType = audio.mp3; path = "Sunda Suara Ga.mp3"; sourceTree = "<group>"; };
		23A900B7253C2BFD008636B1 /* Sunda Suara Ra.mp3 */ = {isa = PBXFileReference; lastKnownFileType = audio.mp3; path = "Sunda Suara Ra.mp3"; sourceTree = "<group>"; };
		23A900B8253C2BFD008636B1 /* Sunda Suara I.mp3 */ = {isa = PBXFileReference; lastKnownFileType = audio.mp3; path = "Sunda Suara I.mp3"; sourceTree = "<group>"; };
		23A900B9253C2BFD008636B1 /* Sunda Suara Da.mp3 */ = {isa = PBXFileReference; lastKnownFileType = audio.mp3; path = "Sunda Suara Da.mp3"; sourceTree = "<group>"; };
		23A900BA253C2BFD008636B1 /* Sunda Suara Qa.mp3 */ = {isa = PBXFileReference; lastKnownFileType = audio.mp3; path = "Sunda Suara Qa.mp3"; sourceTree = "<group>"; };
		23A900BB253C2BFD008636B1 /* Sunda Suara E.mp3 */ = {isa = PBXFileReference; lastKnownFileType = audio.mp3; path = "Sunda Suara E.mp3"; sourceTree = "<group>"; };
		23A900BC253C2BFD008636B1 /* Sunda Suara Ha.mp3 */ = {isa = PBXFileReference; lastKnownFileType = audio.mp3; path = "Sunda Suara Ha.mp3"; sourceTree = "<group>"; };
		23A900BD253C2BFD008636B1 /* Sunda Suara U.mp3 */ = {isa = PBXFileReference; lastKnownFileType = audio.mp3; path = "Sunda Suara U.mp3"; sourceTree = "<group>"; };
		23A900BE253C2BFD008636B1 /* Sunda Suara A.mp3 */ = {isa = PBXFileReference; lastKnownFileType = audio.mp3; path = "Sunda Suara A.mp3"; sourceTree = "<group>"; };
		23A900BF253C2BFD008636B1 /* Sunda Suara Pa.mp3 */ = {isa = PBXFileReference; lastKnownFileType = audio.mp3; path = "Sunda Suara Pa.mp3"; sourceTree = "<group>"; };
		23A900C0253C2BFD008636B1 /* Sunda Suara Na.mp3 */ = {isa = PBXFileReference; lastKnownFileType = audio.mp3; path = "Sunda Suara Na.mp3"; sourceTree = "<group>"; };
		23A900C1253C2BFD008636B1 /* Sunda Suara Ba.mp3 */ = {isa = PBXFileReference; lastKnownFileType = audio.mp3; path = "Sunda Suara Ba.mp3"; sourceTree = "<group>"; };
		23A900C2253C2BFD008636B1 /* Sunda Suara Wa.mp3 */ = {isa = PBXFileReference; lastKnownFileType = audio.mp3; path = "Sunda Suara Wa.mp3"; sourceTree = "<group>"; };
		23A900C3253C2BFD008636B1 /* Sunda Suara Va.mp3 */ = {isa = PBXFileReference; lastKnownFileType = audio.mp3; path = "Sunda Suara Va.mp3"; sourceTree = "<group>"; };
		23A900C4253C2BFD008636B1 /* Sunda Suara Ca.mp3 */ = {isa = PBXFileReference; lastKnownFileType = audio.mp3; path = "Sunda Suara Ca.mp3"; sourceTree = "<group>"; };
		23A900C5253C2BFD008636B1 /* Sunda Suara Za.mp3 */ = {isa = PBXFileReference; lastKnownFileType = audio.mp3; path = "Sunda Suara Za.mp3"; sourceTree = "<group>"; };
		23F282892531984D009EC52B /* QuizViewTypeA.swift */ = {isa = PBXFileReference; lastKnownFileType = sourcecode.swift; path = QuizViewTypeA.swift; sourceTree = "<group>"; };
		23F2828B2531BC89009EC52B /* QuizViewTypeB.swift */ = {isa = PBXFileReference; lastKnownFileType = sourcecode.swift; path = QuizViewTypeB.swift; sourceTree = "<group>"; };
		23F2828D2531D273009EC52B /* QuizViewTypeC.swift */ = {isa = PBXFileReference; lastKnownFileType = sourcecode.swift; path = QuizViewTypeC.swift; sourceTree = "<group>"; };
		6CC4C2B2BDF5350BA10417E0 /* Pods_aksaraMC4.framework */ = {isa = PBXFileReference; explicitFileType = wrapper.framework; includeInIndex = 0; path = Pods_aksaraMC4.framework; sourceTree = BUILT_PRODUCTS_DIR; };
		914344E2252DBAD0002E867B /* Theme.swift */ = {isa = PBXFileReference; lastKnownFileType = sourcecode.swift; path = Theme.swift; sourceTree = "<group>"; };
		914344E5252DBADE002E867B /* ThemeProtocol.swift */ = {isa = PBXFileReference; lastKnownFileType = sourcecode.swift; path = ThemeProtocol.swift; sourceTree = "<group>"; };
		914344E8252DBAFC002E867B /* LightTheme.swift */ = {isa = PBXFileReference; lastKnownFileType = sourcecode.swift; path = LightTheme.swift; sourceTree = "<group>"; };
		914344EF252DBFB9002E867B /* Extension.swift */ = {isa = PBXFileReference; lastKnownFileType = sourcecode.swift; path = Extension.swift; sourceTree = "<group>"; };
		914344F5252DC366002E867B /* RegionController.swift */ = {isa = PBXFileReference; lastKnownFileType = sourcecode.swift; path = RegionController.swift; sourceTree = "<group>"; };
		914344FE252DC436002E867B /* RegionView.swift */ = {isa = PBXFileReference; lastKnownFileType = sourcecode.swift; path = RegionView.swift; sourceTree = "<group>"; };
		9193764125317E3100C3FC10 /* StartView.swift */ = {isa = PBXFileReference; lastKnownFileType = sourcecode.swift; path = StartView.swift; sourceTree = "<group>"; };
		9193764525317E3B00C3FC10 /* StartController.swift */ = {isa = PBXFileReference; lastKnownFileType = sourcecode.swift; path = StartController.swift; sourceTree = "<group>"; };
		91C98767252EFE7900D67BC0 /* StageView.swift */ = {isa = PBXFileReference; lastKnownFileType = sourcecode.swift; path = StageView.swift; sourceTree = "<group>"; };
		91C9876C252EFE8D00D67BC0 /* StageController.swift */ = {isa = PBXFileReference; lastKnownFileType = sourcecode.swift; path = StageController.swift; sourceTree = "<group>"; };
		91C98774252F268400D67BC0 /* LevelController.swift */ = {isa = PBXFileReference; lastKnownFileType = sourcecode.swift; path = LevelController.swift; sourceTree = "<group>"; };
		91C98778252F269000D67BC0 /* LevelView.swift */ = {isa = PBXFileReference; lastKnownFileType = sourcecode.swift; path = LevelView.swift; sourceTree = "<group>"; };
		9C280DC7DA303D6AD9D00A92 /* Pods-aksaraMC4.debug.xcconfig */ = {isa = PBXFileReference; includeInIndex = 1; lastKnownFileType = text.xcconfig; name = "Pods-aksaraMC4.debug.xcconfig"; path = "Target Support Files/Pods-aksaraMC4/Pods-aksaraMC4.debug.xcconfig"; sourceTree = "<group>"; };
		9DB790D026838342CEDF8B35 /* Pods-aksaraMC4.release.xcconfig */ = {isa = PBXFileReference; includeInIndex = 1; lastKnownFileType = text.xcconfig; name = "Pods-aksaraMC4.release.xcconfig"; path = "Target Support Files/Pods-aksaraMC4/Pods-aksaraMC4.release.xcconfig"; sourceTree = "<group>"; };
		A411F9CD252EF8CC0092F9BD /* TestingViewController.swift */ = {isa = PBXFileReference; lastKnownFileType = sourcecode.swift; path = TestingViewController.swift; sourceTree = "<group>"; };
		A41A77E4252D9586001C4FAD /* aksaraMC4.app */ = {isa = PBXFileReference; explicitFileType = wrapper.application; includeInIndex = 0; path = aksaraMC4.app; sourceTree = BUILT_PRODUCTS_DIR; };
		A41A77E7252D9586001C4FAD /* AppDelegate.swift */ = {isa = PBXFileReference; lastKnownFileType = sourcecode.swift; path = AppDelegate.swift; sourceTree = "<group>"; };
		A41A77E9252D9586001C4FAD /* SceneDelegate.swift */ = {isa = PBXFileReference; lastKnownFileType = sourcecode.swift; path = SceneDelegate.swift; sourceTree = "<group>"; };
		A41A77EB252D9586001C4FAD /* MainViewController.swift */ = {isa = PBXFileReference; lastKnownFileType = sourcecode.swift; path = MainViewController.swift; sourceTree = "<group>"; };
		A41A77F1252D9586001C4FAD /* aksaraMC4.xcdatamodel */ = {isa = PBXFileReference; lastKnownFileType = wrapper.xcdatamodel; path = aksaraMC4.xcdatamodel; sourceTree = "<group>"; };
		A41A77F3252D9588001C4FAD /* Assets.xcassets */ = {isa = PBXFileReference; lastKnownFileType = folder.assetcatalog; path = Assets.xcassets; sourceTree = "<group>"; };
		A41A77F6252D9588001C4FAD /* Base */ = {isa = PBXFileReference; lastKnownFileType = file.storyboard; name = Base; path = Base.lproj/LaunchScreen.storyboard; sourceTree = "<group>"; };
		A41A77F8252D9588001C4FAD /* Info.plist */ = {isa = PBXFileReference; lastKnownFileType = text.plist.xml; path = Info.plist; sourceTree = "<group>"; };
		A41A77FF252D9A42001C4FAD /* Now-Regular.otf */ = {isa = PBXFileReference; lastKnownFileType = file; path = "Now-Regular.otf"; sourceTree = "<group>"; };
		A41A7800252D9A42001C4FAD /* Now-Light.otf */ = {isa = PBXFileReference; lastKnownFileType = file; path = "Now-Light.otf"; sourceTree = "<group>"; };
		A41A7801252D9A42001C4FAD /* Now-Medium.otf */ = {isa = PBXFileReference; lastKnownFileType = file; path = "Now-Medium.otf"; sourceTree = "<group>"; };
		A41A7802252D9A42001C4FAD /* Now-Bold.otf */ = {isa = PBXFileReference; lastKnownFileType = file; path = "Now-Bold.otf"; sourceTree = "<group>"; };
		A41A7803252D9A42001C4FAD /* Now-Thin.otf */ = {isa = PBXFileReference; lastKnownFileType = file; path = "Now-Thin.otf"; sourceTree = "<group>"; };
		A41A7804252D9A43001C4FAD /* NowAlt-Black.otf */ = {isa = PBXFileReference; lastKnownFileType = file; path = "NowAlt-Black.otf"; sourceTree = "<group>"; };
		A41A7805252D9A43001C4FAD /* NowAlt-Light.otf */ = {isa = PBXFileReference; lastKnownFileType = file; path = "NowAlt-Light.otf"; sourceTree = "<group>"; };
		A41A7806252D9A43001C4FAD /* NowAlt-Regular.otf */ = {isa = PBXFileReference; lastKnownFileType = file; path = "NowAlt-Regular.otf"; sourceTree = "<group>"; };
		A41A7807252D9A43001C4FAD /* Now-Black.otf */ = {isa = PBXFileReference; lastKnownFileType = file; path = "Now-Black.otf"; sourceTree = "<group>"; };
		A41A7808252D9A43001C4FAD /* NowAlt-Bold.otf */ = {isa = PBXFileReference; lastKnownFileType = file; path = "NowAlt-Bold.otf"; sourceTree = "<group>"; };
		A41A7809252D9A43001C4FAD /* NowAlt-Medium.otf */ = {isa = PBXFileReference; lastKnownFileType = file; path = "NowAlt-Medium.otf"; sourceTree = "<group>"; };
		A41A780A252D9A43001C4FAD /* NowAlt-Thin.otf */ = {isa = PBXFileReference; lastKnownFileType = file; path = "NowAlt-Thin.otf"; sourceTree = "<group>"; };
		A48A0FA2253C4AF800AB1ED5 /* Jawa Suara Ma.mp3 */ = {isa = PBXFileReference; lastKnownFileType = audio.mp3; path = "Jawa Suara Ma.mp3"; sourceTree = "<group>"; };
		A48A0FA3253C4AF800AB1ED5 /* Jawa Suara Tha.mp3 */ = {isa = PBXFileReference; lastKnownFileType = audio.mp3; path = "Jawa Suara Tha.mp3"; sourceTree = "<group>"; };
		A48A0FA4253C4AF800AB1ED5 /* Jawa Suara Ta.mp3 */ = {isa = PBXFileReference; lastKnownFileType = audio.mp3; path = "Jawa Suara Ta.mp3"; sourceTree = "<group>"; };
		A48A0FA5253C4AF800AB1ED5 /* Jawa Suara Ya.mp3 */ = {isa = PBXFileReference; lastKnownFileType = audio.mp3; path = "Jawa Suara Ya.mp3"; sourceTree = "<group>"; };
		A48A0FA6253C4AF800AB1ED5 /* Jawa Suara La.mp3 */ = {isa = PBXFileReference; lastKnownFileType = audio.mp3; path = "Jawa Suara La.mp3"; sourceTree = "<group>"; };
		A48A0FA7253C4AF800AB1ED5 /* Jawa Suara Ga.mp3 */ = {isa = PBXFileReference; lastKnownFileType = audio.mp3; path = "Jawa Suara Ga.mp3"; sourceTree = "<group>"; };
		A48A0FA8253C4AF800AB1ED5 /* Jawa Suara Ra.mp3 */ = {isa = PBXFileReference; lastKnownFileType = audio.mp3; path = "Jawa Suara Ra.mp3"; sourceTree = "<group>"; };
		A48A0FA9253C4AF800AB1ED5 /* Jawa Suara Ka.mp3 */ = {isa = PBXFileReference; lastKnownFileType = audio.mp3; path = "Jawa Suara Ka.mp3"; sourceTree = "<group>"; };
		A48A0FAA253C4AF800AB1ED5 /* Jawa Suara Ja.mp3 */ = {isa = PBXFileReference; lastKnownFileType = audio.mp3; path = "Jawa Suara Ja.mp3"; sourceTree = "<group>"; };
		A48A0FAB253C4AF800AB1ED5 /* Jawa Suara Sa.mp3 */ = {isa = PBXFileReference; lastKnownFileType = audio.mp3; path = "Jawa Suara Sa.mp3"; sourceTree = "<group>"; };
		A48A0FAC253C4AF800AB1ED5 /* Jawa Suara Pa.mp3 */ = {isa = PBXFileReference; lastKnownFileType = audio.mp3; path = "Jawa Suara Pa.mp3"; sourceTree = "<group>"; };
		A48A0FAD253C4AF800AB1ED5 /* Jawa Suara Dha.mp3 */ = {isa = PBXFileReference; lastKnownFileType = audio.mp3; path = "Jawa Suara Dha.mp3"; sourceTree = "<group>"; };
		A48A0FAE253C4AF800AB1ED5 /* Jawa Suara Ha.mp3 */ = {isa = PBXFileReference; lastKnownFileType = audio.mp3; path = "Jawa Suara Ha.mp3"; sourceTree = "<group>"; };
		A48A0FAF253C4AF800AB1ED5 /* Jawa Suara Nga.mp3 */ = {isa = PBXFileReference; lastKnownFileType = audio.mp3; path = "Jawa Suara Nga.mp3"; sourceTree = "<group>"; };
		A48A0FB0253C4AF800AB1ED5 /* Jawa Suara Da.mp3 */ = {isa = PBXFileReference; lastKnownFileType = audio.mp3; path = "Jawa Suara Da.mp3"; sourceTree = "<group>"; };
		A48A0FB1253C4AF800AB1ED5 /* Jawa Suara Ca.mp3 */ = {isa = PBXFileReference; lastKnownFileType = audio.mp3; path = "Jawa Suara Ca.mp3"; sourceTree = "<group>"; };
		A48A0FB2253C4AF800AB1ED5 /* Jawa Suara Nya.mp3 */ = {isa = PBXFileReference; lastKnownFileType = audio.mp3; path = "Jawa Suara Nya.mp3"; sourceTree = "<group>"; };
		A48A0FB3253C4AF800AB1ED5 /* Jawa Suara Ba.mp3 */ = {isa = PBXFileReference; lastKnownFileType = audio.mp3; path = "Jawa Suara Ba.mp3"; sourceTree = "<group>"; };
		A48A0FB4253C4AF800AB1ED5 /* Jawa Suara Wa.mp3 */ = {isa = PBXFileReference; lastKnownFileType = audio.mp3; path = "Jawa Suara Wa.mp3"; sourceTree = "<group>"; };
		A48A0FB5253C4AF800AB1ED5 /* Jawa Suara Na.mp3 */ = {isa = PBXFileReference; lastKnownFileType = audio.mp3; path = "Jawa Suara Na.mp3"; sourceTree = "<group>"; };
		A48FBC74252DC2DB0004EC93 /* PersistenceService.swift */ = {isa = PBXFileReference; lastKnownFileType = sourcecode.swift; path = PersistenceService.swift; sourceTree = "<group>"; };
		A4C715BB2539A45B00270D58 /* CoreDataRecord.swift */ = {isa = PBXFileReference; lastKnownFileType = sourcecode.swift; path = CoreDataRecord.swift; sourceTree = "<group>"; };
		A4F19FC42535939400F5BA23 /* BaseView.swift */ = {isa = PBXFileReference; lastKnownFileType = sourcecode.swift; path = BaseView.swift; sourceTree = "<group>"; };
/* End PBXFileReference section */

/* Begin PBXFrameworksBuildPhase section */
		A41A77E1252D9586001C4FAD /* Frameworks */ = {
			isa = PBXFrameworksBuildPhase;
			buildActionMask = 2147483647;
			files = (
				DA666F577C7465F9A53CCC8F /* Pods_aksaraMC4.framework in Frameworks */,
			);
			runOnlyForDeploymentPostprocessing = 0;
		};
/* End PBXFrameworksBuildPhase section */

/* Begin PBXGroup section */
		231EA802252DE940004FB678 /* QuizScreen */ = {
			isa = PBXGroup;
			children = (
				2372F70D253041E300E79198 /* Model */,
				231EA805252DE96A004FB678 /* View */,
				231EA804252DE961004FB678 /* Controller */,
			);
			path = QuizScreen;
			sourceTree = "<group>";
		};
		231EA804252DE961004FB678 /* Controller */ = {
			isa = PBXGroup;
			children = (
				231EA808252DEA18004FB678 /* QuizController.swift */,
			);
			path = Controller;
			sourceTree = "<group>";
		};
		231EA805252DE96A004FB678 /* View */ = {
			isa = PBXGroup;
			children = (
				231EA806252DE9C7004FB678 /* QuizView.swift */,
				23F282892531984D009EC52B /* QuizViewTypeA.swift */,
				23F2828B2531BC89009EC52B /* QuizViewTypeB.swift */,
				23F2828D2531D273009EC52B /* QuizViewTypeC.swift */,
				235D23B32532DA680007F81E /* QuizViewTypeD.swift */,
				235D23B52532DEAB0007F81E /* QuizViewTypeE.swift */,
			);
			path = View;
			sourceTree = "<group>";
		};
		2372F70D253041E300E79198 /* Model */ = {
			isa = PBXGroup;
			children = (
				2372F70E2530420000E79198 /* QuizModel.swift */,
			);
			path = Model;
			sourceTree = "<group>";
		};
		23A900A8253C2BFD008636B1 /* Sunda Suara */ = {
			isa = PBXGroup;
			children = (
				23A900A9253C2BFD008636B1 /* Sunda Suara Ya.mp3 */,
				23A900AA253C2BFD008636B1 /* Sunda Suara La.mp3 */,
				23A900AB253C2BFD008636B1 /* Sunda Suara Ta.mp3 */,
				23A900AC253C2BFD008636B1 /* Sunda Suara Nya.mp3 */,
				23A900AD253C2BFD008636B1 /* Sunda Suara Ma.mp3 */,
				23A900AE253C2BFD008636B1 /* Sunda Suara Xa.mp3 */,
				23A900AF253C2BFD008636B1 /* Sunda Suara Sa.mp3 */,
				23A900B0253C2BFD008636B1 /* Sunda Suara Nga.mp3 */,
				23A900B1253C2BFD008636B1 /* Sunda Suara Fa.mp3 */,
				23A900B2253C2BFD008636B1 /* Sunda Suara Ja.mp3 */,
				23A900B3253C2BFD008636B1 /* Sunda Suara O.mp3 */,
				23A900B4253C2BFD008636B1 /* Sunda Suara Ka.mp3 */,
				23A900B5253C2BFD008636B1 /* Sunda Suara É.mp3 */,
				23A900B6253C2BFD008636B1 /* Sunda Suara Ga.mp3 */,
				23A900B7253C2BFD008636B1 /* Sunda Suara Ra.mp3 */,
				23A900B8253C2BFD008636B1 /* Sunda Suara I.mp3 */,
				23A900B9253C2BFD008636B1 /* Sunda Suara Da.mp3 */,
				23A900BA253C2BFD008636B1 /* Sunda Suara Qa.mp3 */,
				23A900BB253C2BFD008636B1 /* Sunda Suara E.mp3 */,
				23A900BC253C2BFD008636B1 /* Sunda Suara Ha.mp3 */,
				23A900BD253C2BFD008636B1 /* Sunda Suara U.mp3 */,
				23A900BE253C2BFD008636B1 /* Sunda Suara A.mp3 */,
				23A900BF253C2BFD008636B1 /* Sunda Suara Pa.mp3 */,
				23A900C0253C2BFD008636B1 /* Sunda Suara Na.mp3 */,
				23A900C1253C2BFD008636B1 /* Sunda Suara Ba.mp3 */,
				23A900C2253C2BFD008636B1 /* Sunda Suara Wa.mp3 */,
				23A900C3253C2BFD008636B1 /* Sunda Suara Va.mp3 */,
				23A900C4253C2BFD008636B1 /* Sunda Suara Ca.mp3 */,
				23A900C5253C2BFD008636B1 /* Sunda Suara Za.mp3 */,
			);
			path = "Sunda Suara";
			sourceTree = "<group>";
		};
		7C252FE5C07226A83AA53D09 /* Frameworks */ = {
			isa = PBXGroup;
			children = (
				6CC4C2B2BDF5350BA10417E0 /* Pods_aksaraMC4.framework */,
			);
			name = Frameworks;
			sourceTree = "<group>";
		};
		913FCA5D252DB8F400438A23 /* Utils */ = {
			isa = PBXGroup;
			children = (
				913FCA60252DB9F800438A23 /* Theme */,
				914344EF252DBFB9002E867B /* Extension.swift */,
			);
			path = Utils;
			sourceTree = "<group>";
		};
		913FCA60252DB9F800438A23 /* Theme */ = {
			isa = PBXGroup;
			children = (
				914344E2252DBAD0002E867B /* Theme.swift */,
				914344E5252DBADE002E867B /* ThemeProtocol.swift */,
				914344E8252DBAFC002E867B /* LightTheme.swift */,
			);
			path = Theme;
			sourceTree = "<group>";
		};
		914344F3252DC347002E867B /* RegionScreen */ = {
			isa = PBXGroup;
			children = (
				914344F4252DC353002E867B /* Controller */,
				914344F8252DC36C002E867B /* View */,
			);
			path = RegionScreen;
			sourceTree = "<group>";
		};
		914344F4252DC353002E867B /* Controller */ = {
			isa = PBXGroup;
			children = (
				914344F5252DC366002E867B /* RegionController.swift */,
			);
			path = Controller;
			sourceTree = "<group>";
		};
		914344F8252DC36C002E867B /* View */ = {
			isa = PBXGroup;
			children = (
				914344FE252DC436002E867B /* RegionView.swift */,
			);
			path = View;
			sourceTree = "<group>";
		};
		9193763D25317DFF00C3FC10 /* StartScreen */ = {
			isa = PBXGroup;
			children = (
				9193764025317E1E00C3FC10 /* Controller */,
				9193763E25317E0800C3FC10 /* View */,
			);
			path = StartScreen;
			sourceTree = "<group>";
		};
		9193763E25317E0800C3FC10 /* View */ = {
			isa = PBXGroup;
			children = (
				9193764125317E3100C3FC10 /* StartView.swift */,
			);
			path = View;
			sourceTree = "<group>";
		};
		9193764025317E1E00C3FC10 /* Controller */ = {
			isa = PBXGroup;
			children = (
				9193764525317E3B00C3FC10 /* StartController.swift */,
			);
			path = Controller;
			sourceTree = "<group>";
		};
		91C98764252EFE4800D67BC0 /* StageScreen */ = {
			isa = PBXGroup;
			children = (
				91C98766252EFE6300D67BC0 /* Controller */,
				91C98765252EFE5800D67BC0 /* View */,
			);
			path = StageScreen;
			sourceTree = "<group>";
		};
		91C98765252EFE5800D67BC0 /* View */ = {
			isa = PBXGroup;
			children = (
				91C98767252EFE7900D67BC0 /* StageView.swift */,
			);
			path = View;
			sourceTree = "<group>";
		};
		91C98766252EFE6300D67BC0 /* Controller */ = {
			isa = PBXGroup;
			children = (
				91C9876C252EFE8D00D67BC0 /* StageController.swift */,
			);
			path = Controller;
			sourceTree = "<group>";
		};
		91C98770252F1A0A00D67BC0 /* LevelScreen */ = {
			isa = PBXGroup;
			children = (
				91C98773252F267700D67BC0 /* Controller */,
				91C98772252F266700D67BC0 /* View */,
			);
			path = LevelScreen;
			sourceTree = "<group>";
		};
		91C98772252F266700D67BC0 /* View */ = {
			isa = PBXGroup;
			children = (
				91C98778252F269000D67BC0 /* LevelView.swift */,
			);
			path = View;
			sourceTree = "<group>";
		};
		91C98773252F267700D67BC0 /* Controller */ = {
			isa = PBXGroup;
			children = (
				91C98774252F268400D67BC0 /* LevelController.swift */,
			);
			path = Controller;
			sourceTree = "<group>";
		};
		A41A77DB252D9586001C4FAD = {
			isa = PBXGroup;
			children = (
				A41A77E6252D9586001C4FAD /* aksaraMC4 */,
				A41A77E5252D9586001C4FAD /* Products */,
				E473EFB322B835768E79C009 /* Pods */,
				7C252FE5C07226A83AA53D09 /* Frameworks */,
				A4A3DDEA2539964C00DC4CF7 /* Recovered References */,
			);
			sourceTree = "<group>";
		};
		A41A77E5252D9586001C4FAD /* Products */ = {
			isa = PBXGroup;
			children = (
				A41A77E4252D9586001C4FAD /* aksaraMC4.app */,
			);
			name = Products;
			sourceTree = "<group>";
		};
		A41A77E6252D9586001C4FAD /* aksaraMC4 */ = {
			isa = PBXGroup;
			children = (
				A48A0FA1253C4AF800AB1ED5 /* Asset Suara */,
				23A900A8253C2BFD008636B1 /* Sunda Suara */,
				231EA802252DE940004FB678 /* QuizScreen */,
				91C98770252F1A0A00D67BC0 /* LevelScreen */,
				91C98764252EFE4800D67BC0 /* StageScreen */,
				A4F19FC9253598FB00F5BA23 /* Common */,
				914344F3252DC347002E867B /* RegionScreen */,
				9193763D25317DFF00C3FC10 /* StartScreen */,
				913FCA5D252DB8F400438A23 /* Utils */,
				A41A77FE252D9A2C001C4FAD /* Fonts */,
				A41A77E7252D9586001C4FAD /* AppDelegate.swift */,
				A41A77E9252D9586001C4FAD /* SceneDelegate.swift */,
				A41A77EB252D9586001C4FAD /* MainViewController.swift */,
				A41A77F3252D9588001C4FAD /* Assets.xcassets */,
				A41A77F5252D9588001C4FAD /* LaunchScreen.storyboard */,
				A41A77F8252D9588001C4FAD /* Info.plist */,
				A41A77F0252D9586001C4FAD /* aksaraMC4.xcdatamodeld */,
				A48FBC74252DC2DB0004EC93 /* PersistenceService.swift */,
				A4C715BB2539A45B00270D58 /* CoreDataRecord.swift */,
			);
			path = aksaraMC4;
			sourceTree = "<group>";
		};
		A41A77FE252D9A2C001C4FAD /* Fonts */ = {
			isa = PBXGroup;
			children = (
				A41A7807252D9A43001C4FAD /* Now-Black.otf */,
				A41A7802252D9A42001C4FAD /* Now-Bold.otf */,
				A41A7800252D9A42001C4FAD /* Now-Light.otf */,
				A41A7801252D9A42001C4FAD /* Now-Medium.otf */,
				A41A77FF252D9A42001C4FAD /* Now-Regular.otf */,
				A41A7803252D9A42001C4FAD /* Now-Thin.otf */,
				A41A7804252D9A43001C4FAD /* NowAlt-Black.otf */,
				A41A7808252D9A43001C4FAD /* NowAlt-Bold.otf */,
				A41A7805252D9A43001C4FAD /* NowAlt-Light.otf */,
				A41A7809252D9A43001C4FAD /* NowAlt-Medium.otf */,
				A41A7806252D9A43001C4FAD /* NowAlt-Regular.otf */,
				A41A780A252D9A43001C4FAD /* NowAlt-Thin.otf */,
			);
			path = Fonts;
			sourceTree = "<group>";
		};
		A48A0FA1253C4AF800AB1ED5 /* Asset Suara */ = {
			isa = PBXGroup;
			children = (
				A48A0FA2253C4AF800AB1ED5 /* Jawa Suara Ma.mp3 */,
				A48A0FA3253C4AF800AB1ED5 /* Jawa Suara Tha.mp3 */,
				A48A0FA4253C4AF800AB1ED5 /* Jawa Suara Ta.mp3 */,
				A48A0FA5253C4AF800AB1ED5 /* Jawa Suara Ya.mp3 */,
				A48A0FA6253C4AF800AB1ED5 /* Jawa Suara La.mp3 */,
				A48A0FA7253C4AF800AB1ED5 /* Jawa Suara Ga.mp3 */,
				A48A0FA8253C4AF800AB1ED5 /* Jawa Suara Ra.mp3 */,
				A48A0FA9253C4AF800AB1ED5 /* Jawa Suara Ka.mp3 */,
				A48A0FAA253C4AF800AB1ED5 /* Jawa Suara Ja.mp3 */,
				A48A0FAB253C4AF800AB1ED5 /* Jawa Suara Sa.mp3 */,
				A48A0FAC253C4AF800AB1ED5 /* Jawa Suara Pa.mp3 */,
				A48A0FAD253C4AF800AB1ED5 /* Jawa Suara Dha.mp3 */,
				A48A0FAE253C4AF800AB1ED5 /* Jawa Suara Ha.mp3 */,
				A48A0FAF253C4AF800AB1ED5 /* Jawa Suara Nga.mp3 */,
				A48A0FB0253C4AF800AB1ED5 /* Jawa Suara Da.mp3 */,
				A48A0FB1253C4AF800AB1ED5 /* Jawa Suara Ca.mp3 */,
				A48A0FB2253C4AF800AB1ED5 /* Jawa Suara Nya.mp3 */,
				A48A0FB3253C4AF800AB1ED5 /* Jawa Suara Ba.mp3 */,
				A48A0FB4253C4AF800AB1ED5 /* Jawa Suara Wa.mp3 */,
				A48A0FB5253C4AF800AB1ED5 /* Jawa Suara Na.mp3 */,
			);
			path = "Asset Suara";
			sourceTree = "<group>";
		};
		A4A3DDEA2539964C00DC4CF7 /* Recovered References */ = {
			isa = PBXGroup;
			children = (
				A411F9CD252EF8CC0092F9BD /* TestingViewController.swift */,
			);
			name = "Recovered References";
			sourceTree = "<group>";
		};
		A4F19FC9253598FB00F5BA23 /* Common */ = {
			isa = PBXGroup;
			children = (
				A4F19FC42535939400F5BA23 /* BaseView.swift */,
			);
			path = Common;
			sourceTree = "<group>";
		};
		E473EFB322B835768E79C009 /* Pods */ = {
			isa = PBXGroup;
			children = (
				9C280DC7DA303D6AD9D00A92 /* Pods-aksaraMC4.debug.xcconfig */,
				9DB790D026838342CEDF8B35 /* Pods-aksaraMC4.release.xcconfig */,
			);
			path = Pods;
			sourceTree = "<group>";
		};
/* End PBXGroup section */

/* Begin PBXNativeTarget section */
		A41A77E3252D9586001C4FAD /* aksaraMC4 */ = {
			isa = PBXNativeTarget;
			buildConfigurationList = A41A77FB252D9588001C4FAD /* Build configuration list for PBXNativeTarget "aksaraMC4" */;
			buildPhases = (
				75416A928068B13C62077255 /* [CP] Check Pods Manifest.lock */,
				A41A77E0252D9586001C4FAD /* Sources */,
				A41A77E1252D9586001C4FAD /* Frameworks */,
				A41A77E2252D9586001C4FAD /* Resources */,
				D79908FCBF41B8005C99292B /* [CP] Embed Pods Frameworks */,
			);
			buildRules = (
			);
			dependencies = (
			);
			name = aksaraMC4;
			productName = aksaraMC4;
			productReference = A41A77E4252D9586001C4FAD /* aksaraMC4.app */;
			productType = "com.apple.product-type.application";
		};
/* End PBXNativeTarget section */

/* Begin PBXProject section */
		A41A77DC252D9586001C4FAD /* Project object */ = {
			isa = PBXProject;
			attributes = {
				LastSwiftUpdateCheck = 1170;
				LastUpgradeCheck = 1170;
				ORGANIZATIONNAME = aksara.id;
				TargetAttributes = {
					A41A77E3252D9586001C4FAD = {
						CreatedOnToolsVersion = 11.7;
					};
				};
			};
			buildConfigurationList = A41A77DF252D9586001C4FAD /* Build configuration list for PBXProject "aksaraMC4" */;
			compatibilityVersion = "Xcode 9.3";
			developmentRegion = en;
			hasScannedForEncodings = 0;
			knownRegions = (
				en,
				Base,
			);
			mainGroup = A41A77DB252D9586001C4FAD;
			productRefGroup = A41A77E5252D9586001C4FAD /* Products */;
			projectDirPath = "";
			projectRoot = "";
			targets = (
				A41A77E3252D9586001C4FAD /* aksaraMC4 */,
			);
		};
/* End PBXProject section */

/* Begin PBXResourcesBuildPhase section */
		A41A77E2252D9586001C4FAD /* Resources */ = {
			isa = PBXResourcesBuildPhase;
			buildActionMask = 2147483647;
			files = (
				23A900E8253C2BFE008636B1 /* Sunda Suara Ga.mp3 in Resources */,
				A48A0FC1253C4AF800AB1ED5 /* Jawa Suara Dha.mp3 in Resources */,
				A48A0FBE253C4AF800AB1ED5 /* Jawa Suara Ja.mp3 in Resources */,
				23A900F6253C2BFE008636B1 /* Sunda Suara Ca.mp3 in Resources */,
				A41A780E252D9A43001C4FAD /* Now-Bold.otf in Resources */,
				23A900E6253C2BFE008636B1 /* Sunda Suara Ka.mp3 in Resources */,
				23A900F0253C2BFE008636B1 /* Sunda Suara A.mp3 in Resources */,
				23A900E5253C2BFE008636B1 /* Sunda Suara O.mp3 in Resources */,
				23A900DF253C2BFE008636B1 /* Sunda Suara Ma.mp3 in Resources */,
				A48A0FBF253C4AF800AB1ED5 /* Jawa Suara Sa.mp3 in Resources */,
				23A900DB253C2BFE008636B1 /* Sunda Suara Ya.mp3 in Resources */,
				23A900DE253C2BFE008636B1 /* Sunda Suara Nya.mp3 in Resources */,
				23A900EF253C2BFE008636B1 /* Sunda Suara U.mp3 in Resources */,
				A41A7815252D9A43001C4FAD /* NowAlt-Medium.otf in Resources */,
				A48A0FBA253C4AF800AB1ED5 /* Jawa Suara La.mp3 in Resources */,
				A41A77F7252D9588001C4FAD /* LaunchScreen.storyboard in Resources */,
				A41A780C252D9A43001C4FAD /* Now-Light.otf in Resources */,
				A48A0FBD253C4AF800AB1ED5 /* Jawa Suara Ka.mp3 in Resources */,
				A48A0FC8253C4AF800AB1ED5 /* Jawa Suara Wa.mp3 in Resources */,
				A48A0FC0253C4AF800AB1ED5 /* Jawa Suara Pa.mp3 in Resources */,
				A41A7811252D9A43001C4FAD /* NowAlt-Light.otf in Resources */,
				23A900E0253C2BFE008636B1 /* Sunda Suara Xa.mp3 in Resources */,
				23A900EB253C2BFE008636B1 /* Sunda Suara Da.mp3 in Resources */,
				A48A0FB6253C4AF800AB1ED5 /* Jawa Suara Ma.mp3 in Resources */,
				A48A0FC4253C4AF800AB1ED5 /* Jawa Suara Da.mp3 in Resources */,
				A41A7812252D9A43001C4FAD /* NowAlt-Regular.otf in Resources */,
				A48A0FC9253C4AF800AB1ED5 /* Jawa Suara Na.mp3 in Resources */,
				A41A780B252D9A43001C4FAD /* Now-Regular.otf in Resources */,
				23A900ED253C2BFE008636B1 /* Sunda Suara E.mp3 in Resources */,
				23A900F1253C2BFE008636B1 /* Sunda Suara Pa.mp3 in Resources */,
				23A900E7253C2BFE008636B1 /* Sunda Suara É.mp3 in Resources */,
				23A900EA253C2BFE008636B1 /* Sunda Suara I.mp3 in Resources */,
				A41A7813252D9A43001C4FAD /* Now-Black.otf in Resources */,
				A48A0FBC253C4AF800AB1ED5 /* Jawa Suara Ra.mp3 in Resources */,
				A41A780D252D9A43001C4FAD /* Now-Medium.otf in Resources */,
				A48A0FBB253C4AF800AB1ED5 /* Jawa Suara Ga.mp3 in Resources */,
				A48A0FB9253C4AF800AB1ED5 /* Jawa Suara Ya.mp3 in Resources */,
				A48A0FC6253C4AF800AB1ED5 /* Jawa Suara Nya.mp3 in Resources */,
				23A900DD253C2BFE008636B1 /* Sunda Suara Ta.mp3 in Resources */,
				23A900F5253C2BFE008636B1 /* Sunda Suara Va.mp3 in Resources */,
				23A900E3253C2BFE008636B1 /* Sunda Suara Fa.mp3 in Resources */,
				23A900E2253C2BFE008636B1 /* Sunda Suara Nga.mp3 in Resources */,
				A48A0FC7253C4AF800AB1ED5 /* Jawa Suara Ba.mp3 in Resources */,
				23A900F3253C2BFE008636B1 /* Sunda Suara Ba.mp3 in Resources */,
				A48A0FC2253C4AF800AB1ED5 /* Jawa Suara Ha.mp3 in Resources */,
				A48A0FB7253C4AF800AB1ED5 /* Jawa Suara Tha.mp3 in Resources */,
				A48A0FC3253C4AF800AB1ED5 /* Jawa Suara Nga.mp3 in Resources */,
				23A900F4253C2BFE008636B1 /* Sunda Suara Wa.mp3 in Resources */,
				A41A77F4252D9588001C4FAD /* Assets.xcassets in Resources */,
				23A900DC253C2BFE008636B1 /* Sunda Suara La.mp3 in Resources */,
				23A900E1253C2BFE008636B1 /* Sunda Suara Sa.mp3 in Resources */,
				23A900F7253C2BFE008636B1 /* Sunda Suara Za.mp3 in Resources */,
				A48A0FC5253C4AF800AB1ED5 /* Jawa Suara Ca.mp3 in Resources */,
				A41A7814252D9A43001C4FAD /* NowAlt-Bold.otf in Resources */,
				23A900E4253C2BFE008636B1 /* Sunda Suara Ja.mp3 in Resources */,
				23A900E9253C2BFE008636B1 /* Sunda Suara Ra.mp3 in Resources */,
				A41A780F252D9A43001C4FAD /* Now-Thin.otf in Resources */,
				23A900F2253C2BFE008636B1 /* Sunda Suara Na.mp3 in Resources */,
				23A900EE253C2BFE008636B1 /* Sunda Suara Ha.mp3 in Resources */,
				A41A7816252D9A43001C4FAD /* NowAlt-Thin.otf in Resources */,
				23A900EC253C2BFE008636B1 /* Sunda Suara Qa.mp3 in Resources */,
				A41A7810252D9A43001C4FAD /* NowAlt-Black.otf in Resources */,
				A48A0FB8253C4AF800AB1ED5 /* Jawa Suara Ta.mp3 in Resources */,
			);
			runOnlyForDeploymentPostprocessing = 0;
		};
/* End PBXResourcesBuildPhase section */

/* Begin PBXShellScriptBuildPhase section */
		75416A928068B13C62077255 /* [CP] Check Pods Manifest.lock */ = {
			isa = PBXShellScriptBuildPhase;
			buildActionMask = 2147483647;
			files = (
			);
			inputFileListPaths = (
			);
			inputPaths = (
				"${PODS_PODFILE_DIR_PATH}/Podfile.lock",
				"${PODS_ROOT}/Manifest.lock",
			);
			name = "[CP] Check Pods Manifest.lock";
			outputFileListPaths = (
			);
			outputPaths = (
				"$(DERIVED_FILE_DIR)/Pods-aksaraMC4-checkManifestLockResult.txt",
			);
			runOnlyForDeploymentPostprocessing = 0;
			shellPath = /bin/sh;
			shellScript = "diff \"${PODS_PODFILE_DIR_PATH}/Podfile.lock\" \"${PODS_ROOT}/Manifest.lock\" > /dev/null\nif [ $? != 0 ] ; then\n    # print error to STDERR\n    echo \"error: The sandbox is not in sync with the Podfile.lock. Run 'pod install' or update your CocoaPods installation.\" >&2\n    exit 1\nfi\n# This output is used by Xcode 'outputs' to avoid re-running this script phase.\necho \"SUCCESS\" > \"${SCRIPT_OUTPUT_FILE_0}\"\n";
			showEnvVarsInLog = 0;
		};
		D79908FCBF41B8005C99292B /* [CP] Embed Pods Frameworks */ = {
			isa = PBXShellScriptBuildPhase;
			buildActionMask = 2147483647;
			files = (
			);
			inputFileListPaths = (
				"${PODS_ROOT}/Target Support Files/Pods-aksaraMC4/Pods-aksaraMC4-frameworks-${CONFIGURATION}-input-files.xcfilelist",
			);
			name = "[CP] Embed Pods Frameworks";
			outputFileListPaths = (
				"${PODS_ROOT}/Target Support Files/Pods-aksaraMC4/Pods-aksaraMC4-frameworks-${CONFIGURATION}-output-files.xcfilelist",
			);
			runOnlyForDeploymentPostprocessing = 0;
			shellPath = /bin/sh;
			shellScript = "\"${PODS_ROOT}/Target Support Files/Pods-aksaraMC4/Pods-aksaraMC4-frameworks.sh\"\n";
			showEnvVarsInLog = 0;
		};
/* End PBXShellScriptBuildPhase section */

/* Begin PBXSourcesBuildPhase section */
		A41A77E0252D9586001C4FAD /* Sources */ = {
			isa = PBXSourcesBuildPhase;
			buildActionMask = 2147483647;
			files = (
				9193764225317E3100C3FC10 /* StartView.swift in Sources */,
				91C9876D252EFE8D00D67BC0 /* StageController.swift in Sources */,
				9193764625317E3B00C3FC10 /* StartController.swift in Sources */,
				A48FBC75252DC2DB0004EC93 /* PersistenceService.swift in Sources */,
				A41A77EC252D9586001C4FAD /* MainViewController.swift in Sources */,
				91C98768252EFE7900D67BC0 /* StageView.swift in Sources */,
				A41A77F2252D9586001C4FAD /* aksaraMC4.xcdatamodeld in Sources */,
				231EA807252DE9C7004FB678 /* QuizView.swift in Sources */,
				235D23B42532DA680007F81E /* QuizViewTypeD.swift in Sources */,
				914344FF252DC436002E867B /* RegionView.swift in Sources */,
				914344E3252DBAD0002E867B /* Theme.swift in Sources */,
				914344E6252DBADE002E867B /* ThemeProtocol.swift in Sources */,
				91C98779252F269000D67BC0 /* LevelView.swift in Sources */,
				914344F6252DC366002E867B /* RegionController.swift in Sources */,
				23F2828E2531D273009EC52B /* QuizViewTypeC.swift in Sources */,
				2372F70F2530420000E79198 /* QuizModel.swift in Sources */,
				A41A77E8252D9586001C4FAD /* AppDelegate.swift in Sources */,
				231EA809252DEA18004FB678 /* QuizController.swift in Sources */,
				91C98775252F268400D67BC0 /* LevelController.swift in Sources */,
				914344E9252DBAFC002E867B /* LightTheme.swift in Sources */,
				23F2828C2531BC89009EC52B /* QuizViewTypeB.swift in Sources */,
				A4C715BC2539A45B00270D58 /* CoreDataRecord.swift in Sources */,
				A41A77EA252D9586001C4FAD /* SceneDelegate.swift in Sources */,
				23F2828A2531984D009EC52B /* QuizViewTypeA.swift in Sources */,
				A4F19FC52535939400F5BA23 /* BaseView.swift in Sources */,
				914344F0252DBFB9002E867B /* Extension.swift in Sources */,
				235D23B62532DEAB0007F81E /* QuizViewTypeE.swift in Sources */,
			);
			runOnlyForDeploymentPostprocessing = 0;
		};
/* End PBXSourcesBuildPhase section */

/* Begin PBXVariantGroup section */
		A41A77F5252D9588001C4FAD /* LaunchScreen.storyboard */ = {
			isa = PBXVariantGroup;
			children = (
				A41A77F6252D9588001C4FAD /* Base */,
			);
			name = LaunchScreen.storyboard;
			sourceTree = "<group>";
		};
/* End PBXVariantGroup section */

/* Begin XCBuildConfiguration section */
		A41A77F9252D9588001C4FAD /* Debug */ = {
			isa = XCBuildConfiguration;
			buildSettings = {
				ALWAYS_SEARCH_USER_PATHS = NO;
				CLANG_ANALYZER_NONNULL = YES;
				CLANG_ANALYZER_NUMBER_OBJECT_CONVERSION = YES_AGGRESSIVE;
				CLANG_CXX_LANGUAGE_STANDARD = "gnu++14";
				CLANG_CXX_LIBRARY = "libc++";
				CLANG_ENABLE_MODULES = YES;
				CLANG_ENABLE_OBJC_ARC = YES;
				CLANG_ENABLE_OBJC_WEAK = YES;
				CLANG_WARN_BLOCK_CAPTURE_AUTORELEASING = YES;
				CLANG_WARN_BOOL_CONVERSION = YES;
				CLANG_WARN_COMMA = YES;
				CLANG_WARN_CONSTANT_CONVERSION = YES;
				CLANG_WARN_DEPRECATED_OBJC_IMPLEMENTATIONS = YES;
				CLANG_WARN_DIRECT_OBJC_ISA_USAGE = YES_ERROR;
				CLANG_WARN_DOCUMENTATION_COMMENTS = YES;
				CLANG_WARN_EMPTY_BODY = YES;
				CLANG_WARN_ENUM_CONVERSION = YES;
				CLANG_WARN_INFINITE_RECURSION = YES;
				CLANG_WARN_INT_CONVERSION = YES;
				CLANG_WARN_NON_LITERAL_NULL_CONVERSION = YES;
				CLANG_WARN_OBJC_IMPLICIT_RETAIN_SELF = YES;
				CLANG_WARN_OBJC_LITERAL_CONVERSION = YES;
				CLANG_WARN_OBJC_ROOT_CLASS = YES_ERROR;
				CLANG_WARN_RANGE_LOOP_ANALYSIS = YES;
				CLANG_WARN_STRICT_PROTOTYPES = YES;
				CLANG_WARN_SUSPICIOUS_MOVE = YES;
				CLANG_WARN_UNGUARDED_AVAILABILITY = YES_AGGRESSIVE;
				CLANG_WARN_UNREACHABLE_CODE = YES;
				CLANG_WARN__DUPLICATE_METHOD_MATCH = YES;
				COPY_PHASE_STRIP = NO;
				DEBUG_INFORMATION_FORMAT = dwarf;
				ENABLE_STRICT_OBJC_MSGSEND = YES;
				ENABLE_TESTABILITY = YES;
				GCC_C_LANGUAGE_STANDARD = gnu11;
				GCC_DYNAMIC_NO_PIC = NO;
				GCC_NO_COMMON_BLOCKS = YES;
				GCC_OPTIMIZATION_LEVEL = 0;
				GCC_PREPROCESSOR_DEFINITIONS = (
					"DEBUG=1",
					"$(inherited)",
				);
				GCC_WARN_64_TO_32_BIT_CONVERSION = YES;
				GCC_WARN_ABOUT_RETURN_TYPE = YES_ERROR;
				GCC_WARN_UNDECLARED_SELECTOR = YES;
				GCC_WARN_UNINITIALIZED_AUTOS = YES_AGGRESSIVE;
				GCC_WARN_UNUSED_FUNCTION = YES;
				GCC_WARN_UNUSED_VARIABLE = YES;
				IPHONEOS_DEPLOYMENT_TARGET = 13.7;
				MTL_ENABLE_DEBUG_INFO = INCLUDE_SOURCE;
				MTL_FAST_MATH = YES;
				ONLY_ACTIVE_ARCH = YES;
				SDKROOT = iphoneos;
				SWIFT_ACTIVE_COMPILATION_CONDITIONS = DEBUG;
				SWIFT_OPTIMIZATION_LEVEL = "-Onone";
			};
			name = Debug;
		};
		A41A77FA252D9588001C4FAD /* Release */ = {
			isa = XCBuildConfiguration;
			buildSettings = {
				ALWAYS_SEARCH_USER_PATHS = NO;
				CLANG_ANALYZER_NONNULL = YES;
				CLANG_ANALYZER_NUMBER_OBJECT_CONVERSION = YES_AGGRESSIVE;
				CLANG_CXX_LANGUAGE_STANDARD = "gnu++14";
				CLANG_CXX_LIBRARY = "libc++";
				CLANG_ENABLE_MODULES = YES;
				CLANG_ENABLE_OBJC_ARC = YES;
				CLANG_ENABLE_OBJC_WEAK = YES;
				CLANG_WARN_BLOCK_CAPTURE_AUTORELEASING = YES;
				CLANG_WARN_BOOL_CONVERSION = YES;
				CLANG_WARN_COMMA = YES;
				CLANG_WARN_CONSTANT_CONVERSION = YES;
				CLANG_WARN_DEPRECATED_OBJC_IMPLEMENTATIONS = YES;
				CLANG_WARN_DIRECT_OBJC_ISA_USAGE = YES_ERROR;
				CLANG_WARN_DOCUMENTATION_COMMENTS = YES;
				CLANG_WARN_EMPTY_BODY = YES;
				CLANG_WARN_ENUM_CONVERSION = YES;
				CLANG_WARN_INFINITE_RECURSION = YES;
				CLANG_WARN_INT_CONVERSION = YES;
				CLANG_WARN_NON_LITERAL_NULL_CONVERSION = YES;
				CLANG_WARN_OBJC_IMPLICIT_RETAIN_SELF = YES;
				CLANG_WARN_OBJC_LITERAL_CONVERSION = YES;
				CLANG_WARN_OBJC_ROOT_CLASS = YES_ERROR;
				CLANG_WARN_RANGE_LOOP_ANALYSIS = YES;
				CLANG_WARN_STRICT_PROTOTYPES = YES;
				CLANG_WARN_SUSPICIOUS_MOVE = YES;
				CLANG_WARN_UNGUARDED_AVAILABILITY = YES_AGGRESSIVE;
				CLANG_WARN_UNREACHABLE_CODE = YES;
				CLANG_WARN__DUPLICATE_METHOD_MATCH = YES;
				COPY_PHASE_STRIP = NO;
				DEBUG_INFORMATION_FORMAT = "dwarf-with-dsym";
				ENABLE_NS_ASSERTIONS = NO;
				ENABLE_STRICT_OBJC_MSGSEND = YES;
				GCC_C_LANGUAGE_STANDARD = gnu11;
				GCC_NO_COMMON_BLOCKS = YES;
				GCC_WARN_64_TO_32_BIT_CONVERSION = YES;
				GCC_WARN_ABOUT_RETURN_TYPE = YES_ERROR;
				GCC_WARN_UNDECLARED_SELECTOR = YES;
				GCC_WARN_UNINITIALIZED_AUTOS = YES_AGGRESSIVE;
				GCC_WARN_UNUSED_FUNCTION = YES;
				GCC_WARN_UNUSED_VARIABLE = YES;
				IPHONEOS_DEPLOYMENT_TARGET = 13.7;
				MTL_ENABLE_DEBUG_INFO = NO;
				MTL_FAST_MATH = YES;
				SDKROOT = iphoneos;
				SWIFT_COMPILATION_MODE = wholemodule;
				SWIFT_OPTIMIZATION_LEVEL = "-O";
				VALIDATE_PRODUCT = YES;
			};
			name = Release;
		};
		A41A77FC252D9588001C4FAD /* Debug */ = {
			isa = XCBuildConfiguration;
			baseConfigurationReference = 9C280DC7DA303D6AD9D00A92 /* Pods-aksaraMC4.debug.xcconfig */;
			buildSettings = {
				ASSETCATALOG_COMPILER_APPICON_NAME = AppIcon;
				CODE_SIGN_IDENTITY = "Apple Development";
				CODE_SIGN_STYLE = Automatic;
				DEVELOPMENT_TEAM = MY65R8DR6S;
				INFOPLIST_FILE = aksaraMC4/Info.plist;
				IPHONEOS_DEPLOYMENT_TARGET = 13.5;
				LD_RUNPATH_SEARCH_PATHS = (
					"$(inherited)",
					"@executable_path/Frameworks",
				);
				PRODUCT_BUNDLE_IDENTIFIER = com.aksara.aksaraMC4;
				PRODUCT_NAME = "$(TARGET_NAME)";
				PROVISIONING_PROFILE_SPECIFIER = "";
				SWIFT_VERSION = 5.0;
				TARGETED_DEVICE_FAMILY = 2;
			};
			name = Debug;
		};
		A41A77FD252D9588001C4FAD /* Release */ = {
			isa = XCBuildConfiguration;
			baseConfigurationReference = 9DB790D026838342CEDF8B35 /* Pods-aksaraMC4.release.xcconfig */;
			buildSettings = {
				ASSETCATALOG_COMPILER_APPICON_NAME = AppIcon;
				CODE_SIGN_IDENTITY = "Apple Development";
				CODE_SIGN_STYLE = Automatic;
				DEVELOPMENT_TEAM = MY65R8DR6S;
				INFOPLIST_FILE = aksaraMC4/Info.plist;
				IPHONEOS_DEPLOYMENT_TARGET = 13.5;
				LD_RUNPATH_SEARCH_PATHS = (
					"$(inherited)",
					"@executable_path/Frameworks",
				);
				PRODUCT_BUNDLE_IDENTIFIER = com.aksara.aksaraMC4;
				PRODUCT_NAME = "$(TARGET_NAME)";
				PROVISIONING_PROFILE_SPECIFIER = "";
				SWIFT_VERSION = 5.0;
				TARGETED_DEVICE_FAMILY = 2;
			};
			name = Release;
		};
/* End XCBuildConfiguration section */

/* Begin XCConfigurationList section */
		A41A77DF252D9586001C4FAD /* Build configuration list for PBXProject "aksaraMC4" */ = {
			isa = XCConfigurationList;
			buildConfigurations = (
				A41A77F9252D9588001C4FAD /* Debug */,
				A41A77FA252D9588001C4FAD /* Release */,
			);
			defaultConfigurationIsVisible = 0;
			defaultConfigurationName = Release;
		};
		A41A77FB252D9588001C4FAD /* Build configuration list for PBXNativeTarget "aksaraMC4" */ = {
			isa = XCConfigurationList;
			buildConfigurations = (
				A41A77FC252D9588001C4FAD /* Debug */,
				A41A77FD252D9588001C4FAD /* Release */,
			);
			defaultConfigurationIsVisible = 0;
			defaultConfigurationName = Release;
		};
/* End XCConfigurationList section */

/* Begin XCVersionGroup section */
		A41A77F0252D9586001C4FAD /* aksaraMC4.xcdatamodeld */ = {
			isa = XCVersionGroup;
			children = (
				A41A77F1252D9586001C4FAD /* aksaraMC4.xcdatamodel */,
			);
			currentVersion = A41A77F1252D9586001C4FAD /* aksaraMC4.xcdatamodel */;
			path = aksaraMC4.xcdatamodeld;
			sourceTree = "<group>";
			versionGroupType = wrapper.xcdatamodel;
		};
/* End XCVersionGroup section */
	};
	rootObject = A41A77DC252D9586001C4FAD /* Project object */;
}
