// !$*UTF8*$!
{
	archiveVersion = 1;
	classes = {
	};
	objectVersion = 50;
	objects = {

/* Begin PBXBuildFile section */
		914344E3252DBAD0002E867B /* Theme.swift in Sources */ = {isa = PBXBuildFile; fileRef = 914344E2252DBAD0002E867B /* Theme.swift */; };
		914344E6252DBADE002E867B /* ThemeProtocol.swift in Sources */ = {isa = PBXBuildFile; fileRef = 914344E5252DBADE002E867B /* ThemeProtocol.swift */; };
		914344E9252DBAFC002E867B /* LightTheme.swift in Sources */ = {isa = PBXBuildFile; fileRef = 914344E8252DBAFC002E867B /* LightTheme.swift */; };
		914344F0252DBFB9002E867B /* Extension.swift in Sources */ = {isa = PBXBuildFile; fileRef = 914344EF252DBFB9002E867B /* Extension.swift */; };
		914344F6252DC366002E867B /* RegionController.swift in Sources */ = {isa = PBXBuildFile; fileRef = 914344F5252DC366002E867B /* RegionController.swift */; };
		914344FF252DC436002E867B /* RegionView.swift in Sources */ = {isa = PBXBuildFile; fileRef = 914344FE252DC436002E867B /* RegionView.swift */; };
		A41A77E8252D9586001C4FAD /* AppDelegate.swift in Sources */ = {isa = PBXBuildFile; fileRef = A41A77E7252D9586001C4FAD /* AppDelegate.swift */; };
		A41A77EA252D9586001C4FAD /* SceneDelegate.swift in Sources */ = {isa = PBXBuildFile; fileRef = A41A77E9252D9586001C4FAD /* SceneDelegate.swift */; };
		A41A77EC252D9586001C4FAD /* MainViewController.swift in Sources */ = {isa = PBXBuildFile; fileRef = A41A77EB252D9586001C4FAD /* MainViewController.swift */; };
		A41A77EF252D9586001C4FAD /* Main.storyboard in Resources */ = {isa = PBXBuildFile; fileRef = A41A77ED252D9586001C4FAD /* Main.storyboard */; };
		A41A77F2252D9586001C4FAD /* aksaraMC4.xcdatamodeld in Sources */ = {isa = PBXBuildFile; fileRef = A41A77F0252D9586001C4FAD /* aksaraMC4.xcdatamodeld */; };
		A41A77F4252D9588001C4FAD /* Assets.xcassets in Resources */ = {isa = PBXBuildFile; fileRef = A41A77F3252D9588001C4FAD /* Assets.xcassets */; };
		A41A77F7252D9588001C4FAD /* LaunchScreen.storyboard in Resources */ = {isa = PBXBuildFile; fileRef = A41A77F5252D9588001C4FAD /* LaunchScreen.storyboard */; };
		A41A780B252D9A43001C4FAD /* Now-Regular.otf in Resources */ = {isa = PBXBuildFile; fileRef = A41A77FF252D9A42001C4FAD /* Now-Regular.otf */; };
		A41A780C252D9A43001C4FAD /* Now-Light.otf in Resources */ = {isa = PBXBuildFile; fileRef = A41A7800252D9A42001C4FAD /* Now-Light.otf */; };
		A41A780D252D9A43001C4FAD /* Now-Medium.otf in Resources */ = {isa = PBXBuildFile; fileRef = A41A7801252D9A42001C4FAD /* Now-Medium.otf */; };
		A41A780E252D9A43001C4FAD /* Now-Bold.otf in Resources */ = {isa = PBXBuildFile; fileRef = A41A7802252D9A42001C4FAD /* Now-Bold.otf */; };
		A41A780F252D9A43001C4FAD /* Now-Thin.otf in Resources */ = {isa = PBXBuildFile; fileRef = A41A7803252D9A42001C4FAD /* Now-Thin.otf */; };
		A41A7810252D9A43001C4FAD /* NowAlt-Black.otf in Resources */ = {isa = PBXBuildFile; fileRef = A41A7804252D9A43001C4FAD /* NowAlt-Black.otf */; };
		A41A7811252D9A43001C4FAD /* NowAlt-Light.otf in Resources */ = {isa = PBXBuildFile; fileRef = A41A7805252D9A43001C4FAD /* NowAlt-Light.otf */; };
		A41A7812252D9A43001C4FAD /* NowAlt-Regular.otf in Resources */ = {isa = PBXBuildFile; fileRef = A41A7806252D9A43001C4FAD /* NowAlt-Regular.otf */; };
		A41A7813252D9A43001C4FAD /* Now-Black.otf in Resources */ = {isa = PBXBuildFile; fileRef = A41A7807252D9A43001C4FAD /* Now-Black.otf */; };
		A41A7814252D9A43001C4FAD /* NowAlt-Bold.otf in Resources */ = {isa = PBXBuildFile; fileRef = A41A7808252D9A43001C4FAD /* NowAlt-Bold.otf */; };
		A41A7815252D9A43001C4FAD /* NowAlt-Medium.otf in Resources */ = {isa = PBXBuildFile; fileRef = A41A7809252D9A43001C4FAD /* NowAlt-Medium.otf */; };
		A41A7816252D9A43001C4FAD /* NowAlt-Thin.otf in Resources */ = {isa = PBXBuildFile; fileRef = A41A780A252D9A43001C4FAD /* NowAlt-Thin.otf */; };
/* End PBXBuildFile section */

/* Begin PBXFileReference section */
		914344E2252DBAD0002E867B /* Theme.swift */ = {isa = PBXFileReference; lastKnownFileType = sourcecode.swift; path = Theme.swift; sourceTree = "<group>"; };
		914344E5252DBADE002E867B /* ThemeProtocol.swift */ = {isa = PBXFileReference; lastKnownFileType = sourcecode.swift; path = ThemeProtocol.swift; sourceTree = "<group>"; };
		914344E8252DBAFC002E867B /* LightTheme.swift */ = {isa = PBXFileReference; lastKnownFileType = sourcecode.swift; path = LightTheme.swift; sourceTree = "<group>"; };
		914344EF252DBFB9002E867B /* Extension.swift */ = {isa = PBXFileReference; lastKnownFileType = sourcecode.swift; path = Extension.swift; sourceTree = "<group>"; };
		914344F5252DC366002E867B /* RegionController.swift */ = {isa = PBXFileReference; lastKnownFileType = sourcecode.swift; path = RegionController.swift; sourceTree = "<group>"; };
		914344FE252DC436002E867B /* RegionView.swift */ = {isa = PBXFileReference; lastKnownFileType = sourcecode.swift; path = RegionView.swift; sourceTree = "<group>"; };
		A41A77E4252D9586001C4FAD /* aksaraMC4.app */ = {isa = PBXFileReference; explicitFileType = wrapper.application; includeInIndex = 0; path = aksaraMC4.app; sourceTree = BUILT_PRODUCTS_DIR; };
		A41A77E7252D9586001C4FAD /* AppDelegate.swift */ = {isa = PBXFileReference; lastKnownFileType = sourcecode.swift; path = AppDelegate.swift; sourceTree = "<group>"; };
		A41A77E9252D9586001C4FAD /* SceneDelegate.swift */ = {isa = PBXFileReference; lastKnownFileType = sourcecode.swift; path = SceneDelegate.swift; sourceTree = "<group>"; };
		A41A77EB252D9586001C4FAD /* MainViewController.swift */ = {isa = PBXFileReference; lastKnownFileType = sourcecode.swift; path = MainViewController.swift; sourceTree = "<group>"; };
		A41A77EE252D9586001C4FAD /* Base */ = {isa = PBXFileReference; lastKnownFileType = file.storyboard; name = Base; path = Base.lproj/Main.storyboard; sourceTree = "<group>"; };
		A41A77F1252D9586001C4FAD /* aksaraMC4.xcdatamodel */ = {isa = PBXFileReference; lastKnownFileType = wrapper.xcdatamodel; path = aksaraMC4.xcdatamodel; sourceTree = "<group>"; };
		A41A77F3252D9588001C4FAD /* Assets.xcassets */ = {isa = PBXFileReference; lastKnownFileType = folder.assetcatalog; path = Assets.xcassets; sourceTree = "<group>"; };
		A41A77F6252D9588001C4FAD /* Base */ = {isa = PBXFileReference; lastKnownFileType = file.storyboard; name = Base; path = Base.lproj/LaunchScreen.storyboard; sourceTree = "<group>"; };
		A41A77F8252D9588001C4FAD /* Info.plist */ = {isa = PBXFileReference; lastKnownFileType = text.plist.xml; path = Info.plist; sourceTree = "<group>"; };
		A41A77FF252D9A42001C4FAD /* Now-Regular.otf */ = {isa = PBXFileReference; lastKnownFileType = file; path = "Now-Regular.otf"; sourceTree = "<group>"; };
		A41A7800252D9A42001C4FAD /* Now-Light.otf */ = {isa = PBXFileReference; lastKnownFileType = file; path = "Now-Light.otf"; sourceTree = "<group>"; };
		A41A7801252D9A42001C4FAD /* Now-Medium.otf */ = {isa = PBXFileReference; lastKnownFileType = file; path = "Now-Medium.otf"; sourceTree = "<group>"; };
		A41A7802252D9A42001C4FAD /* Now-Bold.otf */ = {isa = PBXFileReference; lastKnownFileType = file; path = "Now-Bold.otf"; sourceTree = "<group>"; };
		A41A7803252D9A42001C4FAD /* Now-Thin.otf */ = {isa = PBXFileReference; lastKnownFileType = file; path = "Now-Thin.otf"; sourceTree = "<group>"; };
		A41A7804252D9A43001C4FAD /* NowAlt-Black.otf */ = {isa = PBXFileReference; lastKnownFileType = file; path = "NowAlt-Black.otf"; sourceTree = "<group>"; };
		A41A7805252D9A43001C4FAD /* NowAlt-Light.otf */ = {isa = PBXFileReference; lastKnownFileType = file; path = "NowAlt-Light.otf"; sourceTree = "<group>"; };
		A41A7806252D9A43001C4FAD /* NowAlt-Regular.otf */ = {isa = PBXFileReference; lastKnownFileType = file; path = "NowAlt-Regular.otf"; sourceTree = "<group>"; };
		A41A7807252D9A43001C4FAD /* Now-Black.otf */ = {isa = PBXFileReference; lastKnownFileType = file; path = "Now-Black.otf"; sourceTree = "<group>"; };
		A41A7808252D9A43001C4FAD /* NowAlt-Bold.otf */ = {isa = PBXFileReference; lastKnownFileType = file; path = "NowAlt-Bold.otf"; sourceTree = "<group>"; };
		A41A7809252D9A43001C4FAD /* NowAlt-Medium.otf */ = {isa = PBXFileReference; lastKnownFileType = file; path = "NowAlt-Medium.otf"; sourceTree = "<group>"; };
		A41A780A252D9A43001C4FAD /* NowAlt-Thin.otf */ = {isa = PBXFileReference; lastKnownFileType = file; path = "NowAlt-Thin.otf"; sourceTree = "<group>"; };
/* End PBXFileReference section */

/* Begin PBXFrameworksBuildPhase section */
		A41A77E1252D9586001C4FAD /* Frameworks */ = {
			isa = PBXFrameworksBuildPhase;
			buildActionMask = 2147483647;
			files = (
			);
			runOnlyForDeploymentPostprocessing = 0;
		};
/* End PBXFrameworksBuildPhase section */

/* Begin PBXGroup section */
		913FCA5D252DB8F400438A23 /* Utils */ = {
			isa = PBXGroup;
			children = (
				913FCA60252DB9F800438A23 /* Theme */,
				914344EF252DBFB9002E867B /* Extension.swift */,
			);
			path = Utils;
			sourceTree = "<group>";
		};
		913FCA60252DB9F800438A23 /* Theme */ = {
			isa = PBXGroup;
			children = (
				914344E2252DBAD0002E867B /* Theme.swift */,
				914344E5252DBADE002E867B /* ThemeProtocol.swift */,
				914344E8252DBAFC002E867B /* LightTheme.swift */,
			);
			path = Theme;
			sourceTree = "<group>";
		};
		914344F3252DC347002E867B /* RegionScreen */ = {
			isa = PBXGroup;
			children = (
				914344F4252DC353002E867B /* Controller */,
				914344F8252DC36C002E867B /* View */,
			);
			path = RegionScreen;
			sourceTree = "<group>";
		};
		914344F4252DC353002E867B /* Controller */ = {
			isa = PBXGroup;
			children = (
				914344F5252DC366002E867B /* RegionController.swift */,
			);
			path = Controller;
			sourceTree = "<group>";
		};
		914344F8252DC36C002E867B /* View */ = {
			isa = PBXGroup;
			children = (
				914344FE252DC436002E867B /* RegionView.swift */,
			);
			path = View;
			sourceTree = "<group>";
		};
		A41A77DB252D9586001C4FAD = {
			isa = PBXGroup;
			children = (
				A41A77E6252D9586001C4FAD /* aksaraMC4 */,
				A41A77E5252D9586001C4FAD /* Products */,
			);
			sourceTree = "<group>";
		};
		A41A77E5252D9586001C4FAD /* Products */ = {
			isa = PBXGroup;
			children = (
				A41A77E4252D9586001C4FAD /* aksaraMC4.app */,
			);
			name = Products;
			sourceTree = "<group>";
		};
		A41A77E6252D9586001C4FAD /* aksaraMC4 */ = {
			isa = PBXGroup;
			children = (
				914344F3252DC347002E867B /* RegionScreen */,
				913FCA5D252DB8F400438A23 /* Utils */,
				A41A77FE252D9A2C001C4FAD /* Fonts */,
				A41A77E7252D9586001C4FAD /* AppDelegate.swift */,
				A41A77E9252D9586001C4FAD /* SceneDelegate.swift */,
				A41A77EB252D9586001C4FAD /* MainViewController.swift */,
				A41A77ED252D9586001C4FAD /* Main.storyboard */,
				A41A77F3252D9588001C4FAD /* Assets.xcassets */,
				A41A77F5252D9588001C4FAD /* LaunchScreen.storyboard */,
				A41A77F8252D9588001C4FAD /* Info.plist */,
				A41A77F0252D9586001C4FAD /* aksaraMC4.xcdatamodeld */,
			);
			path = aksaraMC4;
			sourceTree = "<group>";
		};
		A41A77FE252D9A2C001C4FAD /* Fonts */ = {
			isa = PBXGroup;
			children = (
				A41A7807252D9A43001C4FAD /* Now-Black.otf */,
				A41A7802252D9A42001C4FAD /* Now-Bold.otf */,
				A41A7800252D9A42001C4FAD /* Now-Light.otf */,
				A41A7801252D9A42001C4FAD /* Now-Medium.otf */,
				A41A77FF252D9A42001C4FAD /* Now-Regular.otf */,
				A41A7803252D9A42001C4FAD /* Now-Thin.otf */,
				A41A7804252D9A43001C4FAD /* NowAlt-Black.otf */,
				A41A7808252D9A43001C4FAD /* NowAlt-Bold.otf */,
				A41A7805252D9A43001C4FAD /* NowAlt-Light.otf */,
				A41A7809252D9A43001C4FAD /* NowAlt-Medium.otf */,
				A41A7806252D9A43001C4FAD /* NowAlt-Regular.otf */,
				A41A780A252D9A43001C4FAD /* NowAlt-Thin.otf */,
			);
			path = Fonts;
			sourceTree = "<group>";
		};
/* End PBXGroup section */

/* Begin PBXNativeTarget section */
		A41A77E3252D9586001C4FAD /* aksaraMC4 */ = {
			isa = PBXNativeTarget;
			buildConfigurationList = A41A77FB252D9588001C4FAD /* Build configuration list for PBXNativeTarget "aksaraMC4" */;
			buildPhases = (
				A41A77E0252D9586001C4FAD /* Sources */,
				A41A77E1252D9586001C4FAD /* Frameworks */,
				A41A77E2252D9586001C4FAD /* Resources */,
			);
			buildRules = (
			);
			dependencies = (
			);
			name = aksaraMC4;
			productName = aksaraMC4;
			productReference = A41A77E4252D9586001C4FAD /* aksaraMC4.app */;
			productType = "com.apple.product-type.application";
		};
/* End PBXNativeTarget section */

/* Begin PBXProject section */
		A41A77DC252D9586001C4FAD /* Project object */ = {
			isa = PBXProject;
			attributes = {
				LastSwiftUpdateCheck = 1170;
				LastUpgradeCheck = 1170;
				ORGANIZATIONNAME = aksara.id;
				TargetAttributes = {
					A41A77E3252D9586001C4FAD = {
						CreatedOnToolsVersion = 11.7;
					};
				};
			};
			buildConfigurationList = A41A77DF252D9586001C4FAD /* Build configuration list for PBXProject "aksaraMC4" */;
			compatibilityVersion = "Xcode 9.3";
			developmentRegion = en;
			hasScannedForEncodings = 0;
			knownRegions = (
				en,
				Base,
			);
			mainGroup = A41A77DB252D9586001C4FAD;
			productRefGroup = A41A77E5252D9586001C4FAD /* Products */;
			projectDirPath = "";
			projectRoot = "";
			targets = (
				A41A77E3252D9586001C4FAD /* aksaraMC4 */,
			);
		};
/* End PBXProject section */

/* Begin PBXResourcesBuildPhase section */
		A41A77E2252D9586001C4FAD /* Resources */ = {
			isa = PBXResourcesBuildPhase;
			buildActionMask = 2147483647;
			files = (
				A41A780E252D9A43001C4FAD /* Now-Bold.otf in Resources */,
				A41A7815252D9A43001C4FAD /* NowAlt-Medium.otf in Resources */,
				A41A77F7252D9588001C4FAD /* LaunchScreen.storyboard in Resources */,
				A41A780C252D9A43001C4FAD /* Now-Light.otf in Resources */,
				A41A7811252D9A43001C4FAD /* NowAlt-Light.otf in Resources */,
				A41A7812252D9A43001C4FAD /* NowAlt-Regular.otf in Resources */,
				A41A780B252D9A43001C4FAD /* Now-Regular.otf in Resources */,
				A41A7813252D9A43001C4FAD /* Now-Black.otf in Resources */,
				A41A780D252D9A43001C4FAD /* Now-Medium.otf in Resources */,
				A41A77F4252D9588001C4FAD /* Assets.xcassets in Resources */,
				A41A7814252D9A43001C4FAD /* NowAlt-Bold.otf in Resources */,
				A41A77EF252D9586001C4FAD /* Main.storyboard in Resources */,
				A41A780F252D9A43001C4FAD /* Now-Thin.otf in Resources */,
				A41A7816252D9A43001C4FAD /* NowAlt-Thin.otf in Resources */,
				A41A7810252D9A43001C4FAD /* NowAlt-Black.otf in Resources */,
			);
			runOnlyForDeploymentPostprocessing = 0;
		};
/* End PBXResourcesBuildPhase section */

/* Begin PBXSourcesBuildPhase section */
		A41A77E0252D9586001C4FAD /* Sources */ = {
			isa = PBXSourcesBuildPhase;
			buildActionMask = 2147483647;
			files = (
				A41A77EC252D9586001C4FAD /* MainViewController.swift in Sources */,
				A41A77F2252D9586001C4FAD /* aksaraMC4.xcdatamodeld in Sources */,
				914344FF252DC436002E867B /* RegionView.swift in Sources */,
				914344E3252DBAD0002E867B /* Theme.swift in Sources */,
				914344E6252DBADE002E867B /* ThemeProtocol.swift in Sources */,
				914344F6252DC366002E867B /* RegionController.swift in Sources */,
				A41A77E8252D9586001C4FAD /* AppDelegate.swift in Sources */,
				914344E9252DBAFC002E867B /* LightTheme.swift in Sources */,
				A41A77EA252D9586001C4FAD /* SceneDelegate.swift in Sources */,
				914344F0252DBFB9002E867B /* Extension.swift in Sources */,
			);
			runOnlyForDeploymentPostprocessing = 0;
		};
/* End PBXSourcesBuildPhase section */

/* Begin PBXVariantGroup section */
		A41A77ED252D9586001C4FAD /* Main.storyboard */ = {
			isa = PBXVariantGroup;
			children = (
				A41A77EE252D9586001C4FAD /* Base */,
			);
			name = Main.storyboard;
			sourceTree = "<group>";
		};
		A41A77F5252D9588001C4FAD /* LaunchScreen.storyboard */ = {
			isa = PBXVariantGroup;
			children = (
				A41A77F6252D9588001C4FAD /* Base */,
			);
			name = LaunchScreen.storyboard;
			sourceTree = "<group>";
		};
/* End PBXVariantGroup section */

/* Begin XCBuildConfiguration section */
		A41A77F9252D9588001C4FAD /* Debug */ = {
			isa = XCBuildConfiguration;
			buildSettings = {
				ALWAYS_SEARCH_USER_PATHS = NO;
				CLANG_ANALYZER_NONNULL = YES;
				CLANG_ANALYZER_NUMBER_OBJECT_CONVERSION = YES_AGGRESSIVE;
				CLANG_CXX_LANGUAGE_STANDARD = "gnu++14";
				CLANG_CXX_LIBRARY = "libc++";
				CLANG_ENABLE_MODULES = YES;
				CLANG_ENABLE_OBJC_ARC = YES;
				CLANG_ENABLE_OBJC_WEAK = YES;
				CLANG_WARN_BLOCK_CAPTURE_AUTORELEASING = YES;
				CLANG_WARN_BOOL_CONVERSION = YES;
				CLANG_WARN_COMMA = YES;
				CLANG_WARN_CONSTANT_CONVERSION = YES;
				CLANG_WARN_DEPRECATED_OBJC_IMPLEMENTATIONS = YES;
				CLANG_WARN_DIRECT_OBJC_ISA_USAGE = YES_ERROR;
				CLANG_WARN_DOCUMENTATION_COMMENTS = YES;
				CLANG_WARN_EMPTY_BODY = YES;
				CLANG_WARN_ENUM_CONVERSION = YES;
				CLANG_WARN_INFINITE_RECURSION = YES;
				CLANG_WARN_INT_CONVERSION = YES;
				CLANG_WARN_NON_LITERAL_NULL_CONVERSION = YES;
				CLANG_WARN_OBJC_IMPLICIT_RETAIN_SELF = YES;
				CLANG_WARN_OBJC_LITERAL_CONVERSION = YES;
				CLANG_WARN_OBJC_ROOT_CLASS = YES_ERROR;
				CLANG_WARN_RANGE_LOOP_ANALYSIS = YES;
				CLANG_WARN_STRICT_PROTOTYPES = YES;
				CLANG_WARN_SUSPICIOUS_MOVE = YES;
				CLANG_WARN_UNGUARDED_AVAILABILITY = YES_AGGRESSIVE;
				CLANG_WARN_UNREACHABLE_CODE = YES;
				CLANG_WARN__DUPLICATE_METHOD_MATCH = YES;
				COPY_PHASE_STRIP = NO;
				DEBUG_INFORMATION_FORMAT = dwarf;
				ENABLE_STRICT_OBJC_MSGSEND = YES;
				ENABLE_TESTABILITY = YES;
				GCC_C_LANGUAGE_STANDARD = gnu11;
				GCC_DYNAMIC_NO_PIC = NO;
				GCC_NO_COMMON_BLOCKS = YES;
				GCC_OPTIMIZATION_LEVEL = 0;
				GCC_PREPROCESSOR_DEFINITIONS = (
					"DEBUG=1",
					"$(inherited)",
				);
				GCC_WARN_64_TO_32_BIT_CONVERSION = YES;
				GCC_WARN_ABOUT_RETURN_TYPE = YES_ERROR;
				GCC_WARN_UNDECLARED_SELECTOR = YES;
				GCC_WARN_UNINITIALIZED_AUTOS = YES_AGGRESSIVE;
				GCC_WARN_UNUSED_FUNCTION = YES;
				GCC_WARN_UNUSED_VARIABLE = YES;
				IPHONEOS_DEPLOYMENT_TARGET = 13.7;
				MTL_ENABLE_DEBUG_INFO = INCLUDE_SOURCE;
				MTL_FAST_MATH = YES;
				ONLY_ACTIVE_ARCH = YES;
				SDKROOT = iphoneos;
				SWIFT_ACTIVE_COMPILATION_CONDITIONS = DEBUG;
				SWIFT_OPTIMIZATION_LEVEL = "-Onone";
			};
			name = Debug;
		};
		A41A77FA252D9588001C4FAD /* Release */ = {
			isa = XCBuildConfiguration;
			buildSettings = {
				ALWAYS_SEARCH_USER_PATHS = NO;
				CLANG_ANALYZER_NONNULL = YES;
				CLANG_ANALYZER_NUMBER_OBJECT_CONVERSION = YES_AGGRESSIVE;
				CLANG_CXX_LANGUAGE_STANDARD = "gnu++14";
				CLANG_CXX_LIBRARY = "libc++";
				CLANG_ENABLE_MODULES = YES;
				CLANG_ENABLE_OBJC_ARC = YES;
				CLANG_ENABLE_OBJC_WEAK = YES;
				CLANG_WARN_BLOCK_CAPTURE_AUTORELEASING = YES;
				CLANG_WARN_BOOL_CONVERSION = YES;
				CLANG_WARN_COMMA = YES;
				CLANG_WARN_CONSTANT_CONVERSION = YES;
				CLANG_WARN_DEPRECATED_OBJC_IMPLEMENTATIONS = YES;
				CLANG_WARN_DIRECT_OBJC_ISA_USAGE = YES_ERROR;
				CLANG_WARN_DOCUMENTATION_COMMENTS = YES;
				CLANG_WARN_EMPTY_BODY = YES;
				CLANG_WARN_ENUM_CONVERSION = YES;
				CLANG_WARN_INFINITE_RECURSION = YES;
				CLANG_WARN_INT_CONVERSION = YES;
				CLANG_WARN_NON_LITERAL_NULL_CONVERSION = YES;
				CLANG_WARN_OBJC_IMPLICIT_RETAIN_SELF = YES;
				CLANG_WARN_OBJC_LITERAL_CONVERSION = YES;
				CLANG_WARN_OBJC_ROOT_CLASS = YES_ERROR;
				CLANG_WARN_RANGE_LOOP_ANALYSIS = YES;
				CLANG_WARN_STRICT_PROTOTYPES = YES;
				CLANG_WARN_SUSPICIOUS_MOVE = YES;
				CLANG_WARN_UNGUARDED_AVAILABILITY = YES_AGGRESSIVE;
				CLANG_WARN_UNREACHABLE_CODE = YES;
				CLANG_WARN__DUPLICATE_METHOD_MATCH = YES;
				COPY_PHASE_STRIP = NO;
				DEBUG_INFORMATION_FORMAT = "dwarf-with-dsym";
				ENABLE_NS_ASSERTIONS = NO;
				ENABLE_STRICT_OBJC_MSGSEND = YES;
				GCC_C_LANGUAGE_STANDARD = gnu11;
				GCC_NO_COMMON_BLOCKS = YES;
				GCC_WARN_64_TO_32_BIT_CONVERSION = YES;
				GCC_WARN_ABOUT_RETURN_TYPE = YES_ERROR;
				GCC_WARN_UNDECLARED_SELECTOR = YES;
				GCC_WARN_UNINITIALIZED_AUTOS = YES_AGGRESSIVE;
				GCC_WARN_UNUSED_FUNCTION = YES;
				GCC_WARN_UNUSED_VARIABLE = YES;
				IPHONEOS_DEPLOYMENT_TARGET = 13.7;
				MTL_ENABLE_DEBUG_INFO = NO;
				MTL_FAST_MATH = YES;
				SDKROOT = iphoneos;
				SWIFT_COMPILATION_MODE = wholemodule;
				SWIFT_OPTIMIZATION_LEVEL = "-O";
				VALIDATE_PRODUCT = YES;
			};
			name = Release;
		};
		A41A77FC252D9588001C4FAD /* Debug */ = {
			isa = XCBuildConfiguration;
			buildSettings = {
				ASSETCATALOG_COMPILER_APPICON_NAME = AppIcon;
				CODE_SIGN_STYLE = Automatic;
				DEVELOPMENT_TEAM = B95GL74T5A;
				INFOPLIST_FILE = aksaraMC4/Info.plist;
				LD_RUNPATH_SEARCH_PATHS = (
					"$(inherited)",
					"@executable_path/Frameworks",
				);
				PRODUCT_BUNDLE_IDENTIFIER = com.aksara.aksaraMC4;
				PRODUCT_NAME = "$(TARGET_NAME)";
				SWIFT_VERSION = 5.0;
				TARGETED_DEVICE_FAMILY = "1,2";
			};
			name = Debug;
		};
		A41A77FD252D9588001C4FAD /* Release */ = {
			isa = XCBuildConfiguration;
			buildSettings = {
				ASSETCATALOG_COMPILER_APPICON_NAME = AppIcon;
				CODE_SIGN_STYLE = Automatic;
				DEVELOPMENT_TEAM = B95GL74T5A;
				INFOPLIST_FILE = aksaraMC4/Info.plist;
				LD_RUNPATH_SEARCH_PATHS = (
					"$(inherited)",
					"@executable_path/Frameworks",
				);
				PRODUCT_BUNDLE_IDENTIFIER = com.aksara.aksaraMC4;
				PRODUCT_NAME = "$(TARGET_NAME)";
				SWIFT_VERSION = 5.0;
				TARGETED_DEVICE_FAMILY = "1,2";
			};
			name = Release;
		};
/* End XCBuildConfiguration section */

/* Begin XCConfigurationList section */
		A41A77DF252D9586001C4FAD /* Build configuration list for PBXProject "aksaraMC4" */ = {
			isa = XCConfigurationList;
			buildConfigurations = (
				A41A77F9252D9588001C4FAD /* Debug */,
				A41A77FA252D9588001C4FAD /* Release */,
			);
			defaultConfigurationIsVisible = 0;
			defaultConfigurationName = Release;
		};
		A41A77FB252D9588001C4FAD /* Build configuration list for PBXNativeTarget "aksaraMC4" */ = {
			isa = XCConfigurationList;
			buildConfigurations = (
				A41A77FC252D9588001C4FAD /* Debug */,
				A41A77FD252D9588001C4FAD /* Release */,
			);
			defaultConfigurationIsVisible = 0;
			defaultConfigurationName = Release;
		};
/* End XCConfigurationList section */

/* Begin XCVersionGroup section */
		A41A77F0252D9586001C4FAD /* aksaraMC4.xcdatamodeld */ = {
			isa = XCVersionGroup;
			children = (
				A41A77F1252D9586001C4FAD /* aksaraMC4.xcdatamodel */,
			);
			currentVersion = A41A77F1252D9586001C4FAD /* aksaraMC4.xcdatamodel */;
			path = aksaraMC4.xcdatamodeld;
			sourceTree = "<group>";
			versionGroupType = wrapper.xcdatamodel;
		};
/* End XCVersionGroup section */
	};
	rootObject = A41A77DC252D9586001C4FAD /* Project object */;
}
